// !$*UTF8*$!
{
	archiveVersion = 1;
	classes = {
	};
	objectVersion = 50;
	objects = {

/* Begin PBXBuildFile section */
		F22276D424B08A8C0090618D /* AppDelegate.m in Sources */ = {isa = PBXBuildFile; fileRef = F22276D324B08A8C0090618D /* AppDelegate.m */; };
		F22276D724B08A8C0090618D /* SceneDelegate.m in Sources */ = {isa = PBXBuildFile; fileRef = F22276D624B08A8C0090618D /* SceneDelegate.m */; };
		F22276DA24B08A8C0090618D /* ViewController.m in Sources */ = {isa = PBXBuildFile; fileRef = F22276D924B08A8C0090618D /* ViewController.m */; };
		F22276DD24B08A8C0090618D /* Main.storyboard in Resources */ = {isa = PBXBuildFile; fileRef = F22276DB24B08A8C0090618D /* Main.storyboard */; };
		F22276DF24B08A8D0090618D /* Assets.xcassets in Resources */ = {isa = PBXBuildFile; fileRef = F22276DE24B08A8D0090618D /* Assets.xcassets */; };
		F22276E224B08A8D0090618D /* LaunchScreen.storyboard in Resources */ = {isa = PBXBuildFile; fileRef = F22276E024B08A8D0090618D /* LaunchScreen.storyboard */; };
		F22276E524B08A8D0090618D /* main.m in Sources */ = {isa = PBXBuildFile; fileRef = F22276E424B08A8D0090618D /* main.m */; };
		F22276EF24B08A8D0090618D /* _3_UIPanGestureRecognizer______04Tests.m in Sources */ = {isa = PBXBuildFile; fileRef = F22276EE24B08A8D0090618D /* _3_UIPanGestureRecognizer______04Tests.m */; };
/* End PBXBuildFile section */

/* Begin PBXContainerItemProxy section */
		F22276EB24B08A8D0090618D /* PBXContainerItemProxy */ = {
			isa = PBXContainerItemProxy;
			containerPortal = F22276C724B08A8C0090618D /* Project object */;
			proxyType = 1;
			remoteGlobalIDString = F22276CE24B08A8C0090618D;
			remoteInfo = "13_UIPanGestureRecognizer_拖动手势_04";
		};
/* End PBXContainerItemProxy section */

/* Begin PBXFileReference section */
		F22276CF24B08A8C0090618D /* 13_UIPanGestureRecognizer_拖动手势_04.app */ = {isa = PBXFileReference; explicitFileType = wrapper.application; includeInIndex = 0; path = "13_UIPanGestureRecognizer_拖动手势_04.app"; sourceTree = BUILT_PRODUCTS_DIR; };
		F22276D224B08A8C0090618D /* AppDelegate.h */ = {isa = PBXFileReference; lastKnownFileType = sourcecode.c.h; path = AppDelegate.h; sourceTree = "<group>"; };
		F22276D324B08A8C0090618D /* AppDelegate.m */ = {isa = PBXFileReference; lastKnownFileType = sourcecode.c.objc; path = AppDelegate.m; sourceTree = "<group>"; };
		F22276D524B08A8C0090618D /* SceneDelegate.h */ = {isa = PBXFileReference; lastKnownFileType = sourcecode.c.h; path = SceneDelegate.h; sourceTree = "<group>"; };
		F22276D624B08A8C0090618D /* SceneDelegate.m */ = {isa = PBXFileReference; lastKnownFileType = sourcecode.c.objc; path = SceneDelegate.m; sourceTree = "<group>"; };
		F22276D824B08A8C0090618D /* ViewController.h */ = {isa = PBXFileReference; lastKnownFileType = sourcecode.c.h; path = ViewController.h; sourceTree = "<group>"; };
		F22276D924B08A8C0090618D /* ViewController.m */ = {isa = PBXFileReference; lastKnownFileType = sourcecode.c.objc; path = ViewController.m; sourceTree = "<group>"; };
		F22276DC24B08A8C0090618D /* Base */ = {isa = PBXFileReference; lastKnownFileType = file.storyboard; name = Base; path = Base.lproj/Main.storyboard; sourceTree = "<group>"; };
		F22276DE24B08A8D0090618D /* Assets.xcassets */ = {isa = PBXFileReference; lastKnownFileType = folder.assetcatalog; path = Assets.xcassets; sourceTree = "<group>"; };
		F22276E124B08A8D0090618D /* Base */ = {isa = PBXFileReference; lastKnownFileType = file.storyboard; name = Base; path = Base.lproj/LaunchScreen.storyboard; sourceTree = "<group>"; };
		F22276E324B08A8D0090618D /* Info.plist */ = {isa = PBXFileReference; lastKnownFileType = text.plist.xml; path = Info.plist; sourceTree = "<group>"; };
		F22276E424B08A8D0090618D /* main.m */ = {isa = PBXFileReference; lastKnownFileType = sourcecode.c.objc; path = main.m; sourceTree = "<group>"; };
		F22276EA24B08A8D0090618D /* 13_UIPanGestureRecognizer_拖动手势_04Tests.xctest */ = {isa = PBXFileReference; explicitFileType = wrapper.cfbundle; includeInIndex = 0; path = "13_UIPanGestureRecognizer_拖动手势_04Tests.xctest"; sourceTree = BUILT_PRODUCTS_DIR; };
		F22276EE24B08A8D0090618D /* _3_UIPanGestureRecognizer______04Tests.m */ = {isa = PBXFileReference; lastKnownFileType = sourcecode.c.objc; path = "_3_UIPanGestureRecognizer______04Tests.m"; sourceTree = "<group>"; };
		F22276F024B08A8D0090618D /* Info.plist */ = {isa = PBXFileReference; lastKnownFileType = text.plist.xml; path = Info.plist; sourceTree = "<group>"; };
/* End PBXFileReference section */

/* Begin PBXFrameworksBuildPhase section */
		F22276CC24B08A8C0090618D /* Frameworks */ = {
			isa = PBXFrameworksBuildPhase;
			buildActionMask = 2147483647;
			files = (
			);
			runOnlyForDeploymentPostprocessing = 0;
		};
		F22276E724B08A8D0090618D /* Frameworks */ = {
			isa = PBXFrameworksBuildPhase;
			buildActionMask = 2147483647;
			files = (
			);
			runOnlyForDeploymentPostprocessing = 0;
		};
/* End PBXFrameworksBuildPhase section */

/* Begin PBXGroup section */
		F22276C624B08A8C0090618D = {
			isa = PBXGroup;
			children = (
				F22276D124B08A8C0090618D /* 13_UIPanGestureRecognizer_拖动手势_04 */,
				F22276ED24B08A8D0090618D /* 13_UIPanGestureRecognizer_拖动手势_04Tests */,
				F22276D024B08A8C0090618D /* Products */,
			);
			sourceTree = "<group>";
		};
		F22276D024B08A8C0090618D /* Products */ = {
			isa = PBXGroup;
			children = (
				F22276CF24B08A8C0090618D /* 13_UIPanGestureRecognizer_拖动手势_04.app */,
				F22276EA24B08A8D0090618D /* 13_UIPanGestureRecognizer_拖动手势_04Tests.xctest */,
			);
			name = Products;
			sourceTree = "<group>";
		};
		F22276D124B08A8C0090618D /* 13_UIPanGestureRecognizer_拖动手势_04 */ = {
			isa = PBXGroup;
			children = (
				F22276D224B08A8C0090618D /* AppDelegate.h */,
				F22276D324B08A8C0090618D /* AppDelegate.m */,
				F22276D524B08A8C0090618D /* SceneDelegate.h */,
				F22276D624B08A8C0090618D /* SceneDelegate.m */,
				F22276D824B08A8C0090618D /* ViewController.h */,
				F22276D924B08A8C0090618D /* ViewController.m */,
				F22276DB24B08A8C0090618D /* Main.storyboard */,
				F22276DE24B08A8D0090618D /* Assets.xcassets */,
				F22276E024B08A8D0090618D /* LaunchScreen.storyboard */,
				F22276E324B08A8D0090618D /* Info.plist */,
				F22276E424B08A8D0090618D /* main.m */,
			);
			path = "13_UIPanGestureRecognizer_拖动手势_04";
			sourceTree = "<group>";
		};
		F22276ED24B08A8D0090618D /* 13_UIPanGestureRecognizer_拖动手势_04Tests */ = {
			isa = PBXGroup;
			children = (
				F22276EE24B08A8D0090618D /* _3_UIPanGestureRecognizer______04Tests.m */,
				F22276F024B08A8D0090618D /* Info.plist */,
			);
			path = "13_UIPanGestureRecognizer_拖动手势_04Tests";
			sourceTree = "<group>";
		};
/* End PBXGroup section */

/* Begin PBXNativeTarget section */
		F22276CE24B08A8C0090618D /* 13_UIPanGestureRecognizer_拖动手势_04 */ = {
			isa = PBXNativeTarget;
			buildConfigurationList = F22276F324B08A8D0090618D /* Build configuration list for PBXNativeTarget "13_UIPanGestureRecognizer_拖动手势_04" */;
			buildPhases = (
				F22276CB24B08A8C0090618D /* Sources */,
				F22276CC24B08A8C0090618D /* Frameworks */,
				F22276CD24B08A8C0090618D /* Resources */,
			);
			buildRules = (
			);
			dependencies = (
			);
			name = "13_UIPanGestureRecognizer_拖动手势_04";
			productName = "13_UIPanGestureRecognizer_拖动手势_04";
			productReference = F22276CF24B08A8C0090618D /* 13_UIPanGestureRecognizer_拖动手势_04.app */;
			productType = "com.apple.product-type.application";
		};
		F22276E924B08A8D0090618D /* 13_UIPanGestureRecognizer_拖动手势_04Tests */ = {
			isa = PBXNativeTarget;
			buildConfigurationList = F22276F624B08A8D0090618D /* Build configuration list for PBXNativeTarget "13_UIPanGestureRecognizer_拖动手势_04Tests" */;
			buildPhases = (
				F22276E624B08A8D0090618D /* Sources */,
				F22276E724B08A8D0090618D /* Frameworks */,
				F22276E824B08A8D0090618D /* Resources */,
			);
			buildRules = (
			);
			dependencies = (
				F22276EC24B08A8D0090618D /* PBXTargetDependency */,
			);
			name = "13_UIPanGestureRecognizer_拖动手势_04Tests";
			productName = "13_UIPanGestureRecognizer_拖动手势_04Tests";
			productReference = F22276EA24B08A8D0090618D /* 13_UIPanGestureRecognizer_拖动手势_04Tests.xctest */;
			productType = "com.apple.product-type.bundle.unit-test";
		};
/* End PBXNativeTarget section */

/* Begin PBXProject section */
		F22276C724B08A8C0090618D /* Project object */ = {
			isa = PBXProject;
			attributes = {
				LastUpgradeCheck = 1120;
				ORGANIZATIONNAME = lilin;
				TargetAttributes = {
					F22276CE24B08A8C0090618D = {
						CreatedOnToolsVersion = 11.2.1;
					};
					F22276E924B08A8D0090618D = {
						CreatedOnToolsVersion = 11.2.1;
						TestTargetID = F22276CE24B08A8C0090618D;
					};
				};
			};
			buildConfigurationList = F22276CA24B08A8C0090618D /* Build configuration list for PBXProject "13_UIPanGestureRecognizer_拖动手势_04" */;
			compatibilityVersion = "Xcode 9.3";
			developmentRegion = en;
			hasScannedForEncodings = 0;
			knownRegions = (
				en,
				Base,
			);
			mainGroup = F22276C624B08A8C0090618D;
			productRefGroup = F22276D024B08A8C0090618D /* Products */;
			projectDirPath = "";
			projectRoot = "";
			targets = (
				F22276CE24B08A8C0090618D /* 13_UIPanGestureRecognizer_拖动手势_04 */,
				F22276E924B08A8D0090618D /* 13_UIPanGestureRecognizer_拖动手势_04Tests */,
			);
		};
/* End PBXProject section */

/* Begin PBXResourcesBuildPhase section */
		F22276CD24B08A8C0090618D /* Resources */ = {
			isa = PBXResourcesBuildPhase;
			buildActionMask = 2147483647;
			files = (
				F22276E224B08A8D0090618D /* LaunchScreen.storyboard in Resources */,
				F22276DF24B08A8D0090618D /* Assets.xcassets in Resources */,
				F22276DD24B08A8C0090618D /* Main.storyboard in Resources */,
			);
			runOnlyForDeploymentPostprocessing = 0;
		};
		F22276E824B08A8D0090618D /* Resources */ = {
			isa = PBXResourcesBuildPhase;
			buildActionMask = 2147483647;
			files = (
			);
			runOnlyForDeploymentPostprocessing = 0;
		};
/* End PBXResourcesBuildPhase section */

/* Begin PBXSourcesBuildPhase section */
		F22276CB24B08A8C0090618D /* Sources */ = {
			isa = PBXSourcesBuildPhase;
			buildActionMask = 2147483647;
			files = (
				F22276DA24B08A8C0090618D /* ViewController.m in Sources */,
				F22276D424B08A8C0090618D /* AppDelegate.m in Sources */,
				F22276E524B08A8D0090618D /* main.m in Sources */,
				F22276D724B08A8C0090618D /* SceneDelegate.m in Sources */,
			);
			runOnlyForDeploymentPostprocessing = 0;
		};
		F22276E624B08A8D0090618D /* Sources */ = {
			isa = PBXSourcesBuildPhase;
			buildActionMask = 2147483647;
			files = (
				F22276EF24B08A8D0090618D /* _3_UIPanGestureRecognizer______04Tests.m in Sources */,
			);
			runOnlyForDeploymentPostprocessing = 0;
		};
/* End PBXSourcesBuildPhase section */

/* Begin PBXTargetDependency section */
		F22276EC24B08A8D0090618D /* PBXTargetDependency */ = {
			isa = PBXTargetDependency;
			target = F22276CE24B08A8C0090618D /* 13_UIPanGestureRecognizer_拖动手势_04 */;
			targetProxy = F22276EB24B08A8D0090618D /* PBXContainerItemProxy */;
		};
/* End PBXTargetDependency section */

/* Begin PBXVariantGroup section */
		F22276DB24B08A8C0090618D /* Main.storyboard */ = {
			isa = PBXVariantGroup;
			children = (
				F22276DC24B08A8C0090618D /* Base */,
			);
			name = Main.storyboard;
			sourceTree = "<group>";
		};
		F22276E024B08A8D0090618D /* LaunchScreen.storyboard */ = {
			isa = PBXVariantGroup;
			children = (
				F22276E124B08A8D0090618D /* Base */,
			);
			name = LaunchScreen.storyboard;
			sourceTree = "<group>";
		};
/* End PBXVariantGroup section */

/* Begin XCBuildConfiguration section */
		F22276F124B08A8D0090618D /* Debug */ = {
			isa = XCBuildConfiguration;
			buildSettings = {
				ALWAYS_SEARCH_USER_PATHS = NO;
				CLANG_ANALYZER_NONNULL = YES;
				CLANG_ANALYZER_NUMBER_OBJECT_CONVERSION = YES_AGGRESSIVE;
				CLANG_CXX_LANGUAGE_STANDARD = "gnu++14";
				CLANG_CXX_LIBRARY = "libc++";
				CLANG_ENABLE_MODULES = YES;
				CLANG_ENABLE_OBJC_ARC = YES;
				CLANG_ENABLE_OBJC_WEAK = YES;
				CLANG_WARN_BLOCK_CAPTURE_AUTORELEASING = YES;
				CLANG_WARN_BOOL_CONVERSION = YES;
				CLANG_WARN_COMMA = YES;
				CLANG_WARN_CONSTANT_CONVERSION = YES;
				CLANG_WARN_DEPRECATED_OBJC_IMPLEMENTATIONS = YES;
				CLANG_WARN_DIRECT_OBJC_ISA_USAGE = YES_ERROR;
				CLANG_WARN_DOCUMENTATION_COMMENTS = YES;
				CLANG_WARN_EMPTY_BODY = YES;
				CLANG_WARN_ENUM_CONVERSION = YES;
				CLANG_WARN_INFINITE_RECURSION = YES;
				CLANG_WARN_INT_CONVERSION = YES;
				CLANG_WARN_NON_LITERAL_NULL_CONVERSION = YES;
				CLANG_WARN_OBJC_IMPLICIT_RETAIN_SELF = YES;
				CLANG_WARN_OBJC_LITERAL_CONVERSION = YES;
				CLANG_WARN_OBJC_ROOT_CLASS = YES_ERROR;
				CLANG_WARN_RANGE_LOOP_ANALYSIS = YES;
				CLANG_WARN_STRICT_PROTOTYPES = YES;
				CLANG_WARN_SUSPICIOUS_MOVE = YES;
				CLANG_WARN_UNGUARDED_AVAILABILITY = YES_AGGRESSIVE;
				CLANG_WARN_UNREACHABLE_CODE = YES;
				CLANG_WARN__DUPLICATE_METHOD_MATCH = YES;
				COPY_PHASE_STRIP = NO;
				DEBUG_INFORMATION_FORMAT = dwarf;
				ENABLE_STRICT_OBJC_MSGSEND = YES;
				ENABLE_TESTABILITY = YES;
				GCC_C_LANGUAGE_STANDARD = gnu11;
				GCC_DYNAMIC_NO_PIC = NO;
				GCC_NO_COMMON_BLOCKS = YES;
				GCC_OPTIMIZATION_LEVEL = 0;
				GCC_PREPROCESSOR_DEFINITIONS = (
					"DEBUG=1",
					"$(inherited)",
				);
				GCC_WARN_64_TO_32_BIT_CONVERSION = YES;
				GCC_WARN_ABOUT_RETURN_TYPE = YES_ERROR;
				GCC_WARN_UNDECLARED_SELECTOR = YES;
				GCC_WARN_UNINITIALIZED_AUTOS = YES_AGGRESSIVE;
				GCC_WARN_UNUSED_FUNCTION = YES;
				GCC_WARN_UNUSED_VARIABLE = YES;
				IPHONEOS_DEPLOYMENT_TARGET = 13.2;
				MTL_ENABLE_DEBUG_INFO = INCLUDE_SOURCE;
				MTL_FAST_MATH = YES;
				ONLY_ACTIVE_ARCH = YES;
				SDKROOT = iphoneos;
			};
			name = Debug;
		};
		F22276F224B08A8D0090618D /* Release */ = {
			isa = XCBuildConfiguration;
			buildSettings = {
				ALWAYS_SEARCH_USER_PATHS = NO;
				CLANG_ANALYZER_NONNULL = YES;
				CLANG_ANALYZER_NUMBER_OBJECT_CONVERSION = YES_AGGRESSIVE;
				CLANG_CXX_LANGUAGE_STANDARD = "gnu++14";
				CLANG_CXX_LIBRARY = "libc++";
				CLANG_ENABLE_MODULES = YES;
				CLANG_ENABLE_OBJC_ARC = YES;
				CLANG_ENABLE_OBJC_WEAK = YES;
				CLANG_WARN_BLOCK_CAPTURE_AUTORELEASING = YES;
				CLANG_WARN_BOOL_CONVERSION = YES;
				CLANG_WARN_COMMA = YES;
				CLANG_WARN_CONSTANT_CONVERSION = YES;
				CLANG_WARN_DEPRECATED_OBJC_IMPLEMENTATIONS = YES;
				CLANG_WARN_DIRECT_OBJC_ISA_USAGE = YES_ERROR;
				CLANG_WARN_DOCUMENTATION_COMMENTS = YES;
				CLANG_WARN_EMPTY_BODY = YES;
				CLANG_WARN_ENUM_CONVERSION = YES;
				CLANG_WARN_INFINITE_RECURSION = YES;
				CLANG_WARN_INT_CONVERSION = YES;
				CLANG_WARN_NON_LITERAL_NULL_CONVERSION = YES;
				CLANG_WARN_OBJC_IMPLICIT_RETAIN_SELF = YES;
				CLANG_WARN_OBJC_LITERAL_CONVERSION = YES;
				CLANG_WARN_OBJC_ROOT_CLASS = YES_ERROR;
				CLANG_WARN_RANGE_LOOP_ANALYSIS = YES;
				CLANG_WARN_STRICT_PROTOTYPES = YES;
				CLANG_WARN_SUSPICIOUS_MOVE = YES;
				CLANG_WARN_UNGUARDED_AVAILABILITY = YES_AGGRESSIVE;
				CLANG_WARN_UNREACHABLE_CODE = YES;
				CLANG_WARN__DUPLICATE_METHOD_MATCH = YES;
				COPY_PHASE_STRIP = NO;
				DEBUG_INFORMATION_FORMAT = "dwarf-with-dsym";
				ENABLE_NS_ASSERTIONS = NO;
				ENABLE_STRICT_OBJC_MSGSEND = YES;
				GCC_C_LANGUAGE_STANDARD = gnu11;
				GCC_NO_COMMON_BLOCKS = YES;
				GCC_WARN_64_TO_32_BIT_CONVERSION = YES;
				GCC_WARN_ABOUT_RETURN_TYPE = YES_ERROR;
				GCC_WARN_UNDECLARED_SELECTOR = YES;
				GCC_WARN_UNINITIALIZED_AUTOS = YES_AGGRESSIVE;
				GCC_WARN_UNUSED_FUNCTION = YES;
				GCC_WARN_UNUSED_VARIABLE = YES;
				IPHONEOS_DEPLOYMENT_TARGET = 13.2;
				MTL_ENABLE_DEBUG_INFO = NO;
				MTL_FAST_MATH = YES;
				SDKROOT = iphoneos;
				VALIDATE_PRODUCT = YES;
			};
			name = Release;
		};
		F22276F424B08A8D0090618D /* Debug */ = {
			isa = XCBuildConfiguration;
			buildSettings = {
				ASSETCATALOG_COMPILER_APPICON_NAME = AppIcon;
				CODE_SIGN_STYLE = Automatic;
				DEVELOPMENT_TEAM = S3NUGZD6JQ;
				INFOPLIST_FILE = "13_UIPanGestureRecognizer_拖动手势_04/Info.plist";
				LD_RUNPATH_SEARCH_PATHS = (
					"$(inherited)",
					"@executable_path/Frameworks",
				);
				PRODUCT_BUNDLE_IDENTIFIER = "com.lilin.-3-UIPanGestureRecognizer------04";
				PRODUCT_NAME = "$(TARGET_NAME)";
				TARGETED_DEVICE_FAMILY = "1,2";
			};
			name = Debug;
		};
		F22276F524B08A8D0090618D /* Release */ = {
			isa = XCBuildConfiguration;
			buildSettings = {
				ASSETCATALOG_COMPILER_APPICON_NAME = AppIcon;
				CODE_SIGN_STYLE = Automatic;
				DEVELOPMENT_TEAM = S3NUGZD6JQ;
				INFOPLIST_FILE = "13_UIPanGestureRecognizer_拖动手势_04/Info.plist";
				LD_RUNPATH_SEARCH_PATHS = (
					"$(inherited)",
					"@executable_path/Frameworks",
				);
				PRODUCT_BUNDLE_IDENTIFIER = "com.lilin.-3-UIPanGestureRecognizer------04";
				PRODUCT_NAME = "$(TARGET_NAME)";
				TARGETED_DEVICE_FAMILY = "1,2";
			};
			name = Release;
		};
		F22276F724B08A8D0090618D /* Debug */ = {
			isa = XCBuildConfiguration;
			buildSettings = {
				BUNDLE_LOADER = "$(TEST_HOST)";
				CODE_SIGN_STYLE = Automatic;
				DEVELOPMENT_TEAM = S3NUGZD6JQ;
				INFOPLIST_FILE = "13_UIPanGestureRecognizer_拖动手势_04Tests/Info.plist";
				IPHONEOS_DEPLOYMENT_TARGET = 13.2;
				LD_RUNPATH_SEARCH_PATHS = (
					"$(inherited)",
					"@executable_path/Frameworks",
					"@loader_path/Frameworks",
				);
				PRODUCT_BUNDLE_IDENTIFIER = "com.lilin.-3-UIPanGestureRecognizer------04Tests";
				PRODUCT_NAME = "$(TARGET_NAME)";
				TARGETED_DEVICE_FAMILY = "1,2";
				TEST_HOST = "$(BUILT_PRODUCTS_DIR)/13_UIPanGestureRecognizer_拖动手势_04.app/13_UIPanGestureRecognizer_拖动手势_04";
			};
			name = Debug;
		};
		F22276F824B08A8D0090618D /* Release */ = {
			isa = XCBuildConfiguration;
			buildSettings = {
				BUNDLE_LOADER = "$(TEST_HOST)";
				CODE_SIGN_STYLE = Automatic;
				DEVELOPMENT_TEAM = S3NUGZD6JQ;
				INFOPLIST_FILE = "13_UIPanGestureRecognizer_拖动手势_04Tests/Info.plist";
				IPHONEOS_DEPLOYMENT_TARGET = 13.2;
				LD_RUNPATH_SEARCH_PATHS = (
					"$(inherited)",
					"@executable_path/Frameworks",
					"@loader_path/Frameworks",
				);
				PRODUCT_BUNDLE_IDENTIFIER = "com.lilin.-3-UIPanGestureRecognizer------04Tests";
				PRODUCT_NAME = "$(TARGET_NAME)";
				TARGETED_DEVICE_FAMILY = "1,2";
				TEST_HOST = "$(BUILT_PRODUCTS_DIR)/13_UIPanGestureRecognizer_拖动手势_04.app/13_UIPanGestureRecognizer_拖动手势_04";
			};
			name = Release;
		};
/* End XCBuildConfiguration section */

/* Begin XCConfigurationList section */
		F22276CA24B08A8C0090618D /* Build configuration list for PBXProject "13_UIPanGestureRecognizer_拖动手势_04" */ = {
			isa = XCConfigurationList;
			buildConfigurations = (
				F22276F124B08A8D0090618D /* Debug */,
				F22276F224B08A8D0090618D /* Release */,
			);
			defaultConfigurationIsVisible = 0;
			defaultConfigurationName = Release;
		};
		F22276F324B08A8D0090618D /* Build configuration list for PBXNativeTarget "13_UIPanGestureRecognizer_拖动手势_04" */ = {
			isa = XCConfigurationList;
			buildConfigurations = (
				F22276F424B08A8D0090618D /* Debug */,
				F22276F524B08A8D0090618D /* Release */,
			);
			defaultConfigurationIsVisible = 0;
			defaultConfigurationName = Release;
		};
		F22276F624B08A8D0090618D /* Build configuration list for PBXNativeTarget "13_UIPanGestureRecognizer_拖动手势_04Tests" */ = {
			isa = XCConfigurationList;
			buildConfigurations = (
				F22276F724B08A8D0090618D /* Debug */,
				F22276F824B08A8D0090618D /* Release */,
			);
			defaultConfigurationIsVisible = 0;
			defaultConfigurationName = Release;
		};
/* End XCConfigurationList section */
	};
	rootObject = F22276C724B08A8C0090618D /* Project object */;
}
