// !$*UTF8*$!
{
	archiveVersion = 1;
	classes = {
	};
	objectVersion = 50;
	objects = {

/* Begin PBXBuildFile section */
		F246440624C091F900F30808 /* AppDelegate.m in Sources */ = {isa = PBXBuildFile; fileRef = F246440524C091F900F30808 /* AppDelegate.m */; };
		F246440924C091F900F30808 /* SceneDelegate.m in Sources */ = {isa = PBXBuildFile; fileRef = F246440824C091F900F30808 /* SceneDelegate.m */; };
		F246440C24C091F900F30808 /* ViewController.m in Sources */ = {isa = PBXBuildFile; fileRef = F246440B24C091F900F30808 /* ViewController.m */; };
		F246440F24C091F900F30808 /* Main.storyboard in Resources */ = {isa = PBXBuildFile; fileRef = F246440D24C091F900F30808 /* Main.storyboard */; };
		F246441124C091FA00F30808 /* Assets.xcassets in Resources */ = {isa = PBXBuildFile; fileRef = F246441024C091FA00F30808 /* Assets.xcassets */; };
		F246441424C091FA00F30808 /* LaunchScreen.storyboard in Resources */ = {isa = PBXBuildFile; fileRef = F246441224C091FA00F30808 /* LaunchScreen.storyboard */; };
		F246441724C091FA00F30808 /* main.m in Sources */ = {isa = PBXBuildFile; fileRef = F246441624C091FA00F30808 /* main.m */; };
		F246442124C091FA00F30808 /* _7_NSOperation___________05Tests.m in Sources */ = {isa = PBXBuildFile; fileRef = F246442024C091FA00F30808 /* _7_NSOperation___________05Tests.m */; };
/* End PBXBuildFile section */

/* Begin PBXContainerItemProxy section */
		F246441D24C091FA00F30808 /* PBXContainerItemProxy */ = {
			isa = PBXContainerItemProxy;
			containerPortal = F24643F924C091F900F30808 /* Project object */;
			proxyType = 1;
			remoteGlobalIDString = F246440024C091F900F30808;
			remoteInfo = "17_NSOperation线程间通信_图片下载_05";
		};
/* End PBXContainerItemProxy section */

/* Begin PBXFileReference section */
		F246440124C091F900F30808 /* 17_NSOperation线程间通信_图片下载_05.app */ = {isa = PBXFileReference; explicitFileType = wrapper.application; includeInIndex = 0; path = "17_NSOperation线程间通信_图片下载_05.app"; sourceTree = BUILT_PRODUCTS_DIR; };
		F246440424C091F900F30808 /* AppDelegate.h */ = {isa = PBXFileReference; lastKnownFileType = sourcecode.c.h; path = AppDelegate.h; sourceTree = "<group>"; };
		F246440524C091F900F30808 /* AppDelegate.m */ = {isa = PBXFileReference; lastKnownFileType = sourcecode.c.objc; path = AppDelegate.m; sourceTree = "<group>"; };
		F246440724C091F900F30808 /* SceneDelegate.h */ = {isa = PBXFileReference; lastKnownFileType = sourcecode.c.h; path = SceneDelegate.h; sourceTree = "<group>"; };
		F246440824C091F900F30808 /* SceneDelegate.m */ = {isa = PBXFileReference; lastKnownFileType = sourcecode.c.objc; path = SceneDelegate.m; sourceTree = "<group>"; };
		F246440A24C091F900F30808 /* ViewController.h */ = {isa = PBXFileReference; lastKnownFileType = sourcecode.c.h; path = ViewController.h; sourceTree = "<group>"; };
		F246440B24C091F900F30808 /* ViewController.m */ = {isa = PBXFileReference; lastKnownFileType = sourcecode.c.objc; path = ViewController.m; sourceTree = "<group>"; };
		F246440E24C091F900F30808 /* Base */ = {isa = PBXFileReference; lastKnownFileType = file.storyboard; name = Base; path = Base.lproj/Main.storyboard; sourceTree = "<group>"; };
		F246441024C091FA00F30808 /* Assets.xcassets */ = {isa = PBXFileReference; lastKnownFileType = folder.assetcatalog; path = Assets.xcassets; sourceTree = "<group>"; };
		F246441324C091FA00F30808 /* Base */ = {isa = PBXFileReference; lastKnownFileType = file.storyboard; name = Base; path = Base.lproj/LaunchScreen.storyboard; sourceTree = "<group>"; };
		F246441524C091FA00F30808 /* Info.plist */ = {isa = PBXFileReference; lastKnownFileType = text.plist.xml; path = Info.plist; sourceTree = "<group>"; };
		F246441624C091FA00F30808 /* main.m */ = {isa = PBXFileReference; lastKnownFileType = sourcecode.c.objc; path = main.m; sourceTree = "<group>"; };
		F246441C24C091FA00F30808 /* 17_NSOperation线程间通信_图片下载_05Tests.xctest */ = {isa = PBXFileReference; explicitFileType = wrapper.cfbundle; includeInIndex = 0; path = "17_NSOperation线程间通信_图片下载_05Tests.xctest"; sourceTree = BUILT_PRODUCTS_DIR; };
		F246442024C091FA00F30808 /* _7_NSOperation___________05Tests.m */ = {isa = PBXFileReference; lastKnownFileType = sourcecode.c.objc; path = "_7_NSOperation___________05Tests.m"; sourceTree = "<group>"; };
		F246442224C091FA00F30808 /* Info.plist */ = {isa = PBXFileReference; lastKnownFileType = text.plist.xml; path = Info.plist; sourceTree = "<group>"; };
/* End PBXFileReference section */

/* Begin PBXFrameworksBuildPhase section */
		F24643FE24C091F900F30808 /* Frameworks */ = {
			isa = PBXFrameworksBuildPhase;
			buildActionMask = 2147483647;
			files = (
			);
			runOnlyForDeploymentPostprocessing = 0;
		};
		F246441924C091FA00F30808 /* Frameworks */ = {
			isa = PBXFrameworksBuildPhase;
			buildActionMask = 2147483647;
			files = (
			);
			runOnlyForDeploymentPostprocessing = 0;
		};
/* End PBXFrameworksBuildPhase section */

/* Begin PBXGroup section */
		F24643F824C091F900F30808 = {
			isa = PBXGroup;
			children = (
				F246440324C091F900F30808 /* 17_NSOperation线程间通信_图片下载_05 */,
				F246441F24C091FA00F30808 /* 17_NSOperation线程间通信_图片下载_05Tests */,
				F246440224C091F900F30808 /* Products */,
			);
			sourceTree = "<group>";
		};
		F246440224C091F900F30808 /* Products */ = {
			isa = PBXGroup;
			children = (
				F246440124C091F900F30808 /* 17_NSOperation线程间通信_图片下载_05.app */,
				F246441C24C091FA00F30808 /* 17_NSOperation线程间通信_图片下载_05Tests.xctest */,
			);
			name = Products;
			sourceTree = "<group>";
		};
		F246440324C091F900F30808 /* 17_NSOperation线程间通信_图片下载_05 */ = {
			isa = PBXGroup;
			children = (
				F246440424C091F900F30808 /* AppDelegate.h */,
				F246440524C091F900F30808 /* AppDelegate.m */,
				F246440724C091F900F30808 /* SceneDelegate.h */,
				F246440824C091F900F30808 /* SceneDelegate.m */,
				F246440A24C091F900F30808 /* ViewController.h */,
				F246440B24C091F900F30808 /* ViewController.m */,
				F246440D24C091F900F30808 /* Main.storyboard */,
				F246441024C091FA00F30808 /* Assets.xcassets */,
				F246441224C091FA00F30808 /* LaunchScreen.storyboard */,
				F246441524C091FA00F30808 /* Info.plist */,
				F246441624C091FA00F30808 /* main.m */,
			);
			path = "17_NSOperation线程间通信_图片下载_05";
			sourceTree = "<group>";
		};
		F246441F24C091FA00F30808 /* 17_NSOperation线程间通信_图片下载_05Tests */ = {
			isa = PBXGroup;
			children = (
				F246442024C091FA00F30808 /* _7_NSOperation___________05Tests.m */,
				F246442224C091FA00F30808 /* Info.plist */,
			);
			path = "17_NSOperation线程间通信_图片下载_05Tests";
			sourceTree = "<group>";
		};
/* End PBXGroup section */

/* Begin PBXNativeTarget section */
		F246440024C091F900F30808 /* 17_NSOperation线程间通信_图片下载_05 */ = {
			isa = PBXNativeTarget;
			buildConfigurationList = F246442524C091FA00F30808 /* Build configuration list for PBXNativeTarget "17_NSOperation线程间通信_图片下载_05" */;
			buildPhases = (
				F24643FD24C091F900F30808 /* Sources */,
				F24643FE24C091F900F30808 /* Frameworks */,
				F24643FF24C091F900F30808 /* Resources */,
			);
			buildRules = (
			);
			dependencies = (
			);
			name = "17_NSOperation线程间通信_图片下载_05";
			productName = "17_NSOperation线程间通信_图片下载_05";
			productReference = F246440124C091F900F30808 /* 17_NSOperation线程间通信_图片下载_05.app */;
			productType = "com.apple.product-type.application";
		};
		F246441B24C091FA00F30808 /* 17_NSOperation线程间通信_图片下载_05Tests */ = {
			isa = PBXNativeTarget;
			buildConfigurationList = F246442824C091FA00F30808 /* Build configuration list for PBXNativeTarget "17_NSOperation线程间通信_图片下载_05Tests" */;
			buildPhases = (
				F246441824C091FA00F30808 /* Sources */,
				F246441924C091FA00F30808 /* Frameworks */,
				F246441A24C091FA00F30808 /* Resources */,
			);
			buildRules = (
			);
			dependencies = (
				F246441E24C091FA00F30808 /* PBXTargetDependency */,
			);
			name = "17_NSOperation线程间通信_图片下载_05Tests";
			productName = "17_NSOperation线程间通信_图片下载_05Tests";
			productReference = F246441C24C091FA00F30808 /* 17_NSOperation线程间通信_图片下载_05Tests.xctest */;
			productType = "com.apple.product-type.bundle.unit-test";
		};
/* End PBXNativeTarget section */

/* Begin PBXProject section */
		F24643F924C091F900F30808 /* Project object */ = {
			isa = PBXProject;
			attributes = {
				LastUpgradeCheck = 1120;
				ORGANIZATIONNAME = lilin;
				TargetAttributes = {
					F246440024C091F900F30808 = {
						CreatedOnToolsVersion = 11.2.1;
					};
					F246441B24C091FA00F30808 = {
						CreatedOnToolsVersion = 11.2.1;
						TestTargetID = F246440024C091F900F30808;
					};
				};
			};
			buildConfigurationList = F24643FC24C091F900F30808 /* Build configuration list for PBXProject "17_NSOperation线程间通信_图片下载_05" */;
			compatibilityVersion = "Xcode 9.3";
			developmentRegion = en;
			hasScannedForEncodings = 0;
			knownRegions = (
				en,
				Base,
			);
			mainGroup = F24643F824C091F900F30808;
			productRefGroup = F246440224C091F900F30808 /* Products */;
			projectDirPath = "";
			projectRoot = "";
			targets = (
				F246440024C091F900F30808 /* 17_NSOperation线程间通信_图片下载_05 */,
				F246441B24C091FA00F30808 /* 17_NSOperation线程间通信_图片下载_05Tests */,
			);
		};
/* End PBXProject section */

/* Begin PBXResourcesBuildPhase section */
		F24643FF24C091F900F30808 /* Resources */ = {
			isa = PBXResourcesBuildPhase;
			buildActionMask = 2147483647;
			files = (
				F246441424C091FA00F30808 /* LaunchScreen.storyboard in Resources */,
				F246441124C091FA00F30808 /* Assets.xcassets in Resources */,
				F246440F24C091F900F30808 /* Main.storyboard in Resources */,
			);
			runOnlyForDeploymentPostprocessing = 0;
		};
		F246441A24C091FA00F30808 /* Resources */ = {
			isa = PBXResourcesBuildPhase;
			buildActionMask = 2147483647;
			files = (
			);
			runOnlyForDeploymentPostprocessing = 0;
		};
/* End PBXResourcesBuildPhase section */

/* Begin PBXSourcesBuildPhase section */
		F24643FD24C091F900F30808 /* Sources */ = {
			isa = PBXSourcesBuildPhase;
			buildActionMask = 2147483647;
			files = (
				F246440C24C091F900F30808 /* ViewController.m in Sources */,
				F246440624C091F900F30808 /* AppDelegate.m in Sources */,
				F246441724C091FA00F30808 /* main.m in Sources */,
				F246440924C091F900F30808 /* SceneDelegate.m in Sources */,
			);
			runOnlyForDeploymentPostprocessing = 0;
		};
		F246441824C091FA00F30808 /* Sources */ = {
			isa = PBXSourcesBuildPhase;
			buildActionMask = 2147483647;
			files = (
				F246442124C091FA00F30808 /* _7_NSOperation___________05Tests.m in Sources */,
			);
			runOnlyForDeploymentPostprocessing = 0;
		};
/* End PBXSourcesBuildPhase section */

/* Begin PBXTargetDependency section */
		F246441E24C091FA00F30808 /* PBXTargetDependency */ = {
			isa = PBXTargetDependency;
			target = F246440024C091F900F30808 /* 17_NSOperation线程间通信_图片下载_05 */;
			targetProxy = F246441D24C091FA00F30808 /* PBXContainerItemProxy */;
		};
/* End PBXTargetDependency section */

/* Begin PBXVariantGroup section */
		F246440D24C091F900F30808 /* Main.storyboard */ = {
			isa = PBXVariantGroup;
			children = (
				F246440E24C091F900F30808 /* Base */,
			);
			name = Main.storyboard;
			sourceTree = "<group>";
		};
		F246441224C091FA00F30808 /* LaunchScreen.storyboard */ = {
			isa = PBXVariantGroup;
			children = (
				F246441324C091FA00F30808 /* Base */,
			);
			name = LaunchScreen.storyboard;
			sourceTree = "<group>";
		};
/* End PBXVariantGroup section */

/* Begin XCBuildConfiguration section */
		F246442324C091FA00F30808 /* Debug */ = {
			isa = XCBuildConfiguration;
			buildSettings = {
				ALWAYS_SEARCH_USER_PATHS = NO;
				CLANG_ANALYZER_NONNULL = YES;
				CLANG_ANALYZER_NUMBER_OBJECT_CONVERSION = YES_AGGRESSIVE;
				CLANG_CXX_LANGUAGE_STANDARD = "gnu++14";
				CLANG_CXX_LIBRARY = "libc++";
				CLANG_ENABLE_MODULES = YES;
				CLANG_ENABLE_OBJC_ARC = YES;
				CLANG_ENABLE_OBJC_WEAK = YES;
				CLANG_WARN_BLOCK_CAPTURE_AUTORELEASING = YES;
				CLANG_WARN_BOOL_CONVERSION = YES;
				CLANG_WARN_COMMA = YES;
				CLANG_WARN_CONSTANT_CONVERSION = YES;
				CLANG_WARN_DEPRECATED_OBJC_IMPLEMENTATIONS = YES;
				CLANG_WARN_DIRECT_OBJC_ISA_USAGE = YES_ERROR;
				CLANG_WARN_DOCUMENTATION_COMMENTS = YES;
				CLANG_WARN_EMPTY_BODY = YES;
				CLANG_WARN_ENUM_CONVERSION = YES;
				CLANG_WARN_INFINITE_RECURSION = YES;
				CLANG_WARN_INT_CONVERSION = YES;
				CLANG_WARN_NON_LITERAL_NULL_CONVERSION = YES;
				CLANG_WARN_OBJC_IMPLICIT_RETAIN_SELF = YES;
				CLANG_WARN_OBJC_LITERAL_CONVERSION = YES;
				CLANG_WARN_OBJC_ROOT_CLASS = YES_ERROR;
				CLANG_WARN_RANGE_LOOP_ANALYSIS = YES;
				CLANG_WARN_STRICT_PROTOTYPES = YES;
				CLANG_WARN_SUSPICIOUS_MOVE = YES;
				CLANG_WARN_UNGUARDED_AVAILABILITY = YES_AGGRESSIVE;
				CLANG_WARN_UNREACHABLE_CODE = YES;
				CLANG_WARN__DUPLICATE_METHOD_MATCH = YES;
				COPY_PHASE_STRIP = NO;
				DEBUG_INFORMATION_FORMAT = dwarf;
				ENABLE_STRICT_OBJC_MSGSEND = YES;
				ENABLE_TESTABILITY = YES;
				GCC_C_LANGUAGE_STANDARD = gnu11;
				GCC_DYNAMIC_NO_PIC = NO;
				GCC_NO_COMMON_BLOCKS = YES;
				GCC_OPTIMIZATION_LEVEL = 0;
				GCC_PREPROCESSOR_DEFINITIONS = (
					"DEBUG=1",
					"$(inherited)",
				);
				GCC_WARN_64_TO_32_BIT_CONVERSION = YES;
				GCC_WARN_ABOUT_RETURN_TYPE = YES_ERROR;
				GCC_WARN_UNDECLARED_SELECTOR = YES;
				GCC_WARN_UNINITIALIZED_AUTOS = YES_AGGRESSIVE;
				GCC_WARN_UNUSED_FUNCTION = YES;
				GCC_WARN_UNUSED_VARIABLE = YES;
				IPHONEOS_DEPLOYMENT_TARGET = 13.2;
				MTL_ENABLE_DEBUG_INFO = INCLUDE_SOURCE;
				MTL_FAST_MATH = YES;
				ONLY_ACTIVE_ARCH = YES;
				SDKROOT = iphoneos;
			};
			name = Debug;
		};
		F246442424C091FA00F30808 /* Release */ = {
			isa = XCBuildConfiguration;
			buildSettings = {
				ALWAYS_SEARCH_USER_PATHS = NO;
				CLANG_ANALYZER_NONNULL = YES;
				CLANG_ANALYZER_NUMBER_OBJECT_CONVERSION = YES_AGGRESSIVE;
				CLANG_CXX_LANGUAGE_STANDARD = "gnu++14";
				CLANG_CXX_LIBRARY = "libc++";
				CLANG_ENABLE_MODULES = YES;
				CLANG_ENABLE_OBJC_ARC = YES;
				CLANG_ENABLE_OBJC_WEAK = YES;
				CLANG_WARN_BLOCK_CAPTURE_AUTORELEASING = YES;
				CLANG_WARN_BOOL_CONVERSION = YES;
				CLANG_WARN_COMMA = YES;
				CLANG_WARN_CONSTANT_CONVERSION = YES;
				CLANG_WARN_DEPRECATED_OBJC_IMPLEMENTATIONS = YES;
				CLANG_WARN_DIRECT_OBJC_ISA_USAGE = YES_ERROR;
				CLANG_WARN_DOCUMENTATION_COMMENTS = YES;
				CLANG_WARN_EMPTY_BODY = YES;
				CLANG_WARN_ENUM_CONVERSION = YES;
				CLANG_WARN_INFINITE_RECURSION = YES;
				CLANG_WARN_INT_CONVERSION = YES;
				CLANG_WARN_NON_LITERAL_NULL_CONVERSION = YES;
				CLANG_WARN_OBJC_IMPLICIT_RETAIN_SELF = YES;
				CLANG_WARN_OBJC_LITERAL_CONVERSION = YES;
				CLANG_WARN_OBJC_ROOT_CLASS = YES_ERROR;
				CLANG_WARN_RANGE_LOOP_ANALYSIS = YES;
				CLANG_WARN_STRICT_PROTOTYPES = YES;
				CLANG_WARN_SUSPICIOUS_MOVE = YES;
				CLANG_WARN_UNGUARDED_AVAILABILITY = YES_AGGRESSIVE;
				CLANG_WARN_UNREACHABLE_CODE = YES;
				CLANG_WARN__DUPLICATE_METHOD_MATCH = YES;
				COPY_PHASE_STRIP = NO;
				DEBUG_INFORMATION_FORMAT = "dwarf-with-dsym";
				ENABLE_NS_ASSERTIONS = NO;
				ENABLE_STRICT_OBJC_MSGSEND = YES;
				GCC_C_LANGUAGE_STANDARD = gnu11;
				GCC_NO_COMMON_BLOCKS = YES;
				GCC_WARN_64_TO_32_BIT_CONVERSION = YES;
				GCC_WARN_ABOUT_RETURN_TYPE = YES_ERROR;
				GCC_WARN_UNDECLARED_SELECTOR = YES;
				GCC_WARN_UNINITIALIZED_AUTOS = YES_AGGRESSIVE;
				GCC_WARN_UNUSED_FUNCTION = YES;
				GCC_WARN_UNUSED_VARIABLE = YES;
				IPHONEOS_DEPLOYMENT_TARGET = 13.2;
				MTL_ENABLE_DEBUG_INFO = NO;
				MTL_FAST_MATH = YES;
				SDKROOT = iphoneos;
				VALIDATE_PRODUCT = YES;
			};
			name = Release;
		};
		F246442624C091FA00F30808 /* Debug */ = {
			isa = XCBuildConfiguration;
			buildSettings = {
				ASSETCATALOG_COMPILER_APPICON_NAME = AppIcon;
				CODE_SIGN_STYLE = Automatic;
				DEVELOPMENT_TEAM = S3NUGZD6JQ;
				INFOPLIST_FILE = "17_NSOperation线程间通信_图片下载_05/Info.plist";
				LD_RUNPATH_SEARCH_PATHS = (
					"$(inherited)",
					"@executable_path/Frameworks",
				);
				PRODUCT_BUNDLE_IDENTIFIER = "com.lilin.-7-NSOperation-----------05";
				PRODUCT_NAME = "$(TARGET_NAME)";
				TARGETED_DEVICE_FAMILY = "1,2";
			};
			name = Debug;
		};
		F246442724C091FA00F30808 /* Release */ = {
			isa = XCBuildConfiguration;
			buildSettings = {
				ASSETCATALOG_COMPILER_APPICON_NAME = AppIcon;
				CODE_SIGN_STYLE = Automatic;
				DEVELOPMENT_TEAM = S3NUGZD6JQ;
				INFOPLIST_FILE = "17_NSOperation线程间通信_图片下载_05/Info.plist";
				LD_RUNPATH_SEARCH_PATHS = (
					"$(inherited)",
					"@executable_path/Frameworks",
				);
				PRODUCT_BUNDLE_IDENTIFIER = "com.lilin.-7-NSOperation-----------05";
				PRODUCT_NAME = "$(TARGET_NAME)";
				TARGETED_DEVICE_FAMILY = "1,2";
			};
			name = Release;
		};
		F246442924C091FA00F30808 /* Debug */ = {
			isa = XCBuildConfiguration;
			buildSettings = {
				BUNDLE_LOADER = "$(TEST_HOST)";
				CODE_SIGN_STYLE = Automatic;
				DEVELOPMENT_TEAM = S3NUGZD6JQ;
				INFOPLIST_FILE = "17_NSOperation线程间通信_图片下载_05Tests/Info.plist";
				IPHONEOS_DEPLOYMENT_TARGET = 13.2;
				LD_RUNPATH_SEARCH_PATHS = (
					"$(inherited)",
					"@executable_path/Frameworks",
					"@loader_path/Frameworks",
				);
				PRODUCT_BUNDLE_IDENTIFIER = "com.lilin.-7-NSOperation-----------05Tests";
				PRODUCT_NAME = "$(TARGET_NAME)";
				TARGETED_DEVICE_FAMILY = "1,2";
				TEST_HOST = "$(BUILT_PRODUCTS_DIR)/17_NSOperation线程间通信_图片下载_05.app/17_NSOperation线程间通信_图片下载_05";
			};
			name = Debug;
		};
		F246442A24C091FA00F30808 /* Release */ = {
			isa = XCBuildConfiguration;
			buildSettings = {
				BUNDLE_LOADER = "$(TEST_HOST)";
				CODE_SIGN_STYLE = Automatic;
				DEVELOPMENT_TEAM = S3NUGZD6JQ;
				INFOPLIST_FILE = "17_NSOperation线程间通信_图片下载_05Tests/Info.plist";
				IPHONEOS_DEPLOYMENT_TARGET = 13.2;
				LD_RUNPATH_SEARCH_PATHS = (
					"$(inherited)",
					"@executable_path/Frameworks",
					"@loader_path/Frameworks",
				);
				PRODUCT_BUNDLE_IDENTIFIER = "com.lilin.-7-NSOperation-----------05Tests";
				PRODUCT_NAME = "$(TARGET_NAME)";
				TARGETED_DEVICE_FAMILY = "1,2";
				TEST_HOST = "$(BUILT_PRODUCTS_DIR)/17_NSOperation线程间通信_图片下载_05.app/17_NSOperation线程间通信_图片下载_05";
			};
			name = Release;
		};
/* End XCBuildConfiguration section */

/* Begin XCConfigurationList section */
		F24643FC24C091F900F30808 /* Build configuration list for PBXProject "17_NSOperation线程间通信_图片下载_05" */ = {
			isa = XCConfigurationList;
			buildConfigurations = (
				F246442324C091FA00F30808 /* Debug */,
				F246442424C091FA00F30808 /* Release */,
			);
			defaultConfigurationIsVisible = 0;
			defaultConfigurationName = Release;
		};
		F246442524C091FA00F30808 /* Build configuration list for PBXNativeTarget "17_NSOperation线程间通信_图片下载_05" */ = {
			isa = XCConfigurationList;
			buildConfigurations = (
				F246442624C091FA00F30808 /* Debug */,
				F246442724C091FA00F30808 /* Release */,
			);
			defaultConfigurationIsVisible = 0;
			defaultConfigurationName = Release;
		};
		F246442824C091FA00F30808 /* Build configuration list for PBXNativeTarget "17_NSOperation线程间通信_图片下载_05Tests" */ = {
			isa = XCConfigurationList;
			buildConfigurations = (
				F246442924C091FA00F30808 /* Debug */,
				F246442A24C091FA00F30808 /* Release */,
			);
			defaultConfigurationIsVisible = 0;
			defaultConfigurationName = Release;
		};
/* End XCConfigurationList section */
	};
	rootObject = F24643F924C091F900F30808 /* Project object */;
}
