// !$*UTF8*$!
{
	archiveVersion = 1;
	classes = {
	};
	objectVersion = 50;
	objects = {

/* Begin PBXBuildFile section */
		F23A002024C82E1800316851 /* AppDelegate.m in Sources */ = {isa = PBXBuildFile; fileRef = F23A001F24C82E1800316851 /* AppDelegate.m */; };
		F23A002324C82E1800316851 /* SceneDelegate.m in Sources */ = {isa = PBXBuildFile; fileRef = F23A002224C82E1800316851 /* SceneDelegate.m */; };
		F23A002624C82E1800316851 /* ViewController.m in Sources */ = {isa = PBXBuildFile; fileRef = F23A002524C82E1800316851 /* ViewController.m */; };
		F23A002924C82E1800316851 /* Main.storyboard in Resources */ = {isa = PBXBuildFile; fileRef = F23A002724C82E1800316851 /* Main.storyboard */; };
		F23A002B24C82E1900316851 /* Assets.xcassets in Resources */ = {isa = PBXBuildFile; fileRef = F23A002A24C82E1900316851 /* Assets.xcassets */; };
		F23A002E24C82E1900316851 /* LaunchScreen.storyboard in Resources */ = {isa = PBXBuildFile; fileRef = F23A002C24C82E1900316851 /* LaunchScreen.storyboard */; };
		F23A003124C82E1900316851 /* main.m in Sources */ = {isa = PBXBuildFile; fileRef = F23A003024C82E1900316851 /* main.m */; };
		F23A003B24C82E1900316851 /* _1_____________01Tests.m in Sources */ = {isa = PBXBuildFile; fileRef = F23A003A24C82E1900316851 /* _1_____________01Tests.m */; };
		F23A004724C82E5000316851 /* ArchiveService.m in Sources */ = {isa = PBXBuildFile; fileRef = F23A004624C82E5000316851 /* ArchiveService.m */; };
		F23A004A24C830D400316851 /* Person.m in Sources */ = {isa = PBXBuildFile; fileRef = F23A004924C830D400316851 /* Person.m */; };
/* End PBXBuildFile section */

/* Begin PBXContainerItemProxy section */
		F23A003724C82E1900316851 /* PBXContainerItemProxy */ = {
			isa = PBXContainerItemProxy;
			containerPortal = F23A001324C82E1800316851 /* Project object */;
			proxyType = 1;
			remoteGlobalIDString = F23A001A24C82E1800316851;
			remoteInfo = "21_归档多个不同类型的对象_01";
		};
/* End PBXContainerItemProxy section */

/* Begin PBXFileReference section */
		F23A001B24C82E1800316851 /* 21_归档多个不同类型的对象_01.app */ = {isa = PBXFileReference; explicitFileType = wrapper.application; includeInIndex = 0; path = "21_归档多个不同类型的对象_01.app"; sourceTree = BUILT_PRODUCTS_DIR; };
		F23A001E24C82E1800316851 /* AppDelegate.h */ = {isa = PBXFileReference; lastKnownFileType = sourcecode.c.h; path = AppDelegate.h; sourceTree = "<group>"; };
		F23A001F24C82E1800316851 /* AppDelegate.m */ = {isa = PBXFileReference; lastKnownFileType = sourcecode.c.objc; path = AppDelegate.m; sourceTree = "<group>"; };
		F23A002124C82E1800316851 /* SceneDelegate.h */ = {isa = PBXFileReference; lastKnownFileType = sourcecode.c.h; path = SceneDelegate.h; sourceTree = "<group>"; };
		F23A002224C82E1800316851 /* SceneDelegate.m */ = {isa = PBXFileReference; lastKnownFileType = sourcecode.c.objc; path = SceneDelegate.m; sourceTree = "<group>"; };
		F23A002424C82E1800316851 /* ViewController.h */ = {isa = PBXFileReference; lastKnownFileType = sourcecode.c.h; path = ViewController.h; sourceTree = "<group>"; };
		F23A002524C82E1800316851 /* ViewController.m */ = {isa = PBXFileReference; lastKnownFileType = sourcecode.c.objc; path = ViewController.m; sourceTree = "<group>"; };
		F23A002824C82E1800316851 /* Base */ = {isa = PBXFileReference; lastKnownFileType = file.storyboard; name = Base; path = Base.lproj/Main.storyboard; sourceTree = "<group>"; };
		F23A002A24C82E1900316851 /* Assets.xcassets */ = {isa = PBXFileReference; lastKnownFileType = folder.assetcatalog; path = Assets.xcassets; sourceTree = "<group>"; };
		F23A002D24C82E1900316851 /* Base */ = {isa = PBXFileReference; lastKnownFileType = file.storyboard; name = Base; path = Base.lproj/LaunchScreen.storyboard; sourceTree = "<group>"; };
		F23A002F24C82E1900316851 /* Info.plist */ = {isa = PBXFileReference; lastKnownFileType = text.plist.xml; path = Info.plist; sourceTree = "<group>"; };
		F23A003024C82E1900316851 /* main.m */ = {isa = PBXFileReference; lastKnownFileType = sourcecode.c.objc; path = main.m; sourceTree = "<group>"; };
		F23A003624C82E1900316851 /* 21_归档多个不同类型的对象_01Tests.xctest */ = {isa = PBXFileReference; explicitFileType = wrapper.cfbundle; includeInIndex = 0; path = "21_归档多个不同类型的对象_01Tests.xctest"; sourceTree = BUILT_PRODUCTS_DIR; };
		F23A003A24C82E1900316851 /* _1_____________01Tests.m */ = {isa = PBXFileReference; lastKnownFileType = sourcecode.c.objc; path = "_1_____________01Tests.m"; sourceTree = "<group>"; };
		F23A003C24C82E1900316851 /* Info.plist */ = {isa = PBXFileReference; lastKnownFileType = text.plist.xml; path = Info.plist; sourceTree = "<group>"; };
		F23A004524C82E5000316851 /* ArchiveService.h */ = {isa = PBXFileReference; lastKnownFileType = sourcecode.c.h; path = ArchiveService.h; sourceTree = "<group>"; };
		F23A004624C82E5000316851 /* ArchiveService.m */ = {isa = PBXFileReference; lastKnownFileType = sourcecode.c.objc; path = ArchiveService.m; sourceTree = "<group>"; };
		F23A004824C830D400316851 /* Person.h */ = {isa = PBXFileReference; lastKnownFileType = sourcecode.c.h; path = Person.h; sourceTree = "<group>"; };
		F23A004924C830D400316851 /* Person.m */ = {isa = PBXFileReference; lastKnownFileType = sourcecode.c.objc; path = Person.m; sourceTree = "<group>"; };
/* End PBXFileReference section */

/* Begin PBXFrameworksBuildPhase section */
		F23A001824C82E1800316851 /* Frameworks */ = {
			isa = PBXFrameworksBuildPhase;
			buildActionMask = 2147483647;
			files = (
			);
			runOnlyForDeploymentPostprocessing = 0;
		};
		F23A003324C82E1900316851 /* Frameworks */ = {
			isa = PBXFrameworksBuildPhase;
			buildActionMask = 2147483647;
			files = (
			);
			runOnlyForDeploymentPostprocessing = 0;
		};
/* End PBXFrameworksBuildPhase section */

/* Begin PBXGroup section */
		F23A001224C82E1800316851 = {
			isa = PBXGroup;
			children = (
				F23A001D24C82E1800316851 /* 21_归档多个不同类型的对象_01 */,
				F23A003924C82E1900316851 /* 21_归档多个不同类型的对象_01Tests */,
				F23A001C24C82E1800316851 /* Products */,
			);
			sourceTree = "<group>";
		};
		F23A001C24C82E1800316851 /* Products */ = {
			isa = PBXGroup;
			children = (
				F23A001B24C82E1800316851 /* 21_归档多个不同类型的对象_01.app */,
				F23A003624C82E1900316851 /* 21_归档多个不同类型的对象_01Tests.xctest */,
			);
			name = Products;
			sourceTree = "<group>";
		};
		F23A001D24C82E1800316851 /* 21_归档多个不同类型的对象_01 */ = {
			isa = PBXGroup;
			children = (
				F23A001E24C82E1800316851 /* AppDelegate.h */,
				F23A001F24C82E1800316851 /* AppDelegate.m */,
				F23A002124C82E1800316851 /* SceneDelegate.h */,
				F23A002224C82E1800316851 /* SceneDelegate.m */,
				F23A002424C82E1800316851 /* ViewController.h */,
				F23A002524C82E1800316851 /* ViewController.m */,
				F23A004524C82E5000316851 /* ArchiveService.h */,
				F23A004624C82E5000316851 /* ArchiveService.m */,
				F23A004824C830D400316851 /* Person.h */,
				F23A004924C830D400316851 /* Person.m */,
				F23A002724C82E1800316851 /* Main.storyboard */,
				F23A002A24C82E1900316851 /* Assets.xcassets */,
				F23A002C24C82E1900316851 /* LaunchScreen.storyboard */,
				F23A002F24C82E1900316851 /* Info.plist */,
				F23A003024C82E1900316851 /* main.m */,
			);
			path = "21_归档多个不同类型的对象_01";
			sourceTree = "<group>";
		};
		F23A003924C82E1900316851 /* 21_归档多个不同类型的对象_01Tests */ = {
			isa = PBXGroup;
			children = (
				F23A003A24C82E1900316851 /* _1_____________01Tests.m */,
				F23A003C24C82E1900316851 /* Info.plist */,
			);
			path = "21_归档多个不同类型的对象_01Tests";
			sourceTree = "<group>";
		};
/* End PBXGroup section */

/* Begin PBXNativeTarget section */
		F23A001A24C82E1800316851 /* 21_归档多个不同类型的对象_01 */ = {
			isa = PBXNativeTarget;
			buildConfigurationList = F23A003F24C82E1900316851 /* Build configuration list for PBXNativeTarget "21_归档多个不同类型的对象_01" */;
			buildPhases = (
				F23A001724C82E1800316851 /* Sources */,
				F23A001824C82E1800316851 /* Frameworks */,
				F23A001924C82E1800316851 /* Resources */,
			);
			buildRules = (
			);
			dependencies = (
			);
			name = "21_归档多个不同类型的对象_01";
			productName = "21_归档多个不同类型的对象_01";
			productReference = F23A001B24C82E1800316851 /* 21_归档多个不同类型的对象_01.app */;
			productType = "com.apple.product-type.application";
		};
		F23A003524C82E1900316851 /* 21_归档多个不同类型的对象_01Tests */ = {
			isa = PBXNativeTarget;
			buildConfigurationList = F23A004224C82E1900316851 /* Build configuration list for PBXNativeTarget "21_归档多个不同类型的对象_01Tests" */;
			buildPhases = (
				F23A003224C82E1900316851 /* Sources */,
				F23A003324C82E1900316851 /* Frameworks */,
				F23A003424C82E1900316851 /* Resources */,
			);
			buildRules = (
			);
			dependencies = (
				F23A003824C82E1900316851 /* PBXTargetDependency */,
			);
			name = "21_归档多个不同类型的对象_01Tests";
			productName = "21_归档多个不同类型的对象_01Tests";
			productReference = F23A003624C82E1900316851 /* 21_归档多个不同类型的对象_01Tests.xctest */;
			productType = "com.apple.product-type.bundle.unit-test";
		};
/* End PBXNativeTarget section */

/* Begin PBXProject section */
		F23A001324C82E1800316851 /* Project object */ = {
			isa = PBXProject;
			attributes = {
				LastUpgradeCheck = 1120;
				ORGANIZATIONNAME = lilin;
				TargetAttributes = {
					F23A001A24C82E1800316851 = {
						CreatedOnToolsVersion = 11.2.1;
					};
					F23A003524C82E1900316851 = {
						CreatedOnToolsVersion = 11.2.1;
						TestTargetID = F23A001A24C82E1800316851;
					};
				};
			};
			buildConfigurationList = F23A001624C82E1800316851 /* Build configuration list for PBXProject "21_归档多个不同类型的对象_01" */;
			compatibilityVersion = "Xcode 9.3";
			developmentRegion = en;
			hasScannedForEncodings = 0;
			knownRegions = (
				en,
				Base,
			);
			mainGroup = F23A001224C82E1800316851;
			productRefGroup = F23A001C24C82E1800316851 /* Products */;
			projectDirPath = "";
			projectRoot = "";
			targets = (
				F23A001A24C82E1800316851 /* 21_归档多个不同类型的对象_01 */,
				F23A003524C82E1900316851 /* 21_归档多个不同类型的对象_01Tests */,
			);
		};
/* End PBXProject section */

/* Begin PBXResourcesBuildPhase section */
		F23A001924C82E1800316851 /* Resources */ = {
			isa = PBXResourcesBuildPhase;
			buildActionMask = 2147483647;
			files = (
				F23A002E24C82E1900316851 /* LaunchScreen.storyboard in Resources */,
				F23A002B24C82E1900316851 /* Assets.xcassets in Resources */,
				F23A002924C82E1800316851 /* Main.storyboard in Resources */,
			);
			runOnlyForDeploymentPostprocessing = 0;
		};
		F23A003424C82E1900316851 /* Resources */ = {
			isa = PBXResourcesBuildPhase;
			buildActionMask = 2147483647;
			files = (
			);
			runOnlyForDeploymentPostprocessing = 0;
		};
/* End PBXResourcesBuildPhase section */

/* Begin PBXSourcesBuildPhase section */
		F23A001724C82E1800316851 /* Sources */ = {
			isa = PBXSourcesBuildPhase;
			buildActionMask = 2147483647;
			files = (
				F23A004A24C830D400316851 /* Person.m in Sources */,
				F23A002624C82E1800316851 /* ViewController.m in Sources */,
				F23A002024C82E1800316851 /* AppDelegate.m in Sources */,
				F23A004724C82E5000316851 /* ArchiveService.m in Sources */,
				F23A003124C82E1900316851 /* main.m in Sources */,
				F23A002324C82E1800316851 /* SceneDelegate.m in Sources */,
			);
			runOnlyForDeploymentPostprocessing = 0;
		};
		F23A003224C82E1900316851 /* Sources */ = {
			isa = PBXSourcesBuildPhase;
			buildActionMask = 2147483647;
			files = (
				F23A003B24C82E1900316851 /* _1_____________01Tests.m in Sources */,
			);
			runOnlyForDeploymentPostprocessing = 0;
		};
/* End PBXSourcesBuildPhase section */

/* Begin PBXTargetDependency section */
		F23A003824C82E1900316851 /* PBXTargetDependency */ = {
			isa = PBXTargetDependency;
			target = F23A001A24C82E1800316851 /* 21_归档多个不同类型的对象_01 */;
			targetProxy = F23A003724C82E1900316851 /* PBXContainerItemProxy */;
		};
/* End PBXTargetDependency section */

/* Begin PBXVariantGroup section */
		F23A002724C82E1800316851 /* Main.storyboard */ = {
			isa = PBXVariantGroup;
			children = (
				F23A002824C82E1800316851 /* Base */,
			);
			name = Main.storyboard;
			sourceTree = "<group>";
		};
		F23A002C24C82E1900316851 /* LaunchScreen.storyboard */ = {
			isa = PBXVariantGroup;
			children = (
				F23A002D24C82E1900316851 /* Base */,
			);
			name = LaunchScreen.storyboard;
			sourceTree = "<group>";
		};
/* End PBXVariantGroup section */

/* Begin XCBuildConfiguration section */
		F23A003D24C82E1900316851 /* Debug */ = {
			isa = XCBuildConfiguration;
			buildSettings = {
				ALWAYS_SEARCH_USER_PATHS = NO;
				CLANG_ANALYZER_NONNULL = YES;
				CLANG_ANALYZER_NUMBER_OBJECT_CONVERSION = YES_AGGRESSIVE;
				CLANG_CXX_LANGUAGE_STANDARD = "gnu++14";
				CLANG_CXX_LIBRARY = "libc++";
				CLANG_ENABLE_MODULES = YES;
				CLANG_ENABLE_OBJC_ARC = YES;
				CLANG_ENABLE_OBJC_WEAK = YES;
				CLANG_WARN_BLOCK_CAPTURE_AUTORELEASING = YES;
				CLANG_WARN_BOOL_CONVERSION = YES;
				CLANG_WARN_COMMA = YES;
				CLANG_WARN_CONSTANT_CONVERSION = YES;
				CLANG_WARN_DEPRECATED_OBJC_IMPLEMENTATIONS = YES;
				CLANG_WARN_DIRECT_OBJC_ISA_USAGE = YES_ERROR;
				CLANG_WARN_DOCUMENTATION_COMMENTS = YES;
				CLANG_WARN_EMPTY_BODY = YES;
				CLANG_WARN_ENUM_CONVERSION = YES;
				CLANG_WARN_INFINITE_RECURSION = YES;
				CLANG_WARN_INT_CONVERSION = YES;
				CLANG_WARN_NON_LITERAL_NULL_CONVERSION = YES;
				CLANG_WARN_OBJC_IMPLICIT_RETAIN_SELF = YES;
				CLANG_WARN_OBJC_LITERAL_CONVERSION = YES;
				CLANG_WARN_OBJC_ROOT_CLASS = YES_ERROR;
				CLANG_WARN_RANGE_LOOP_ANALYSIS = YES;
				CLANG_WARN_STRICT_PROTOTYPES = YES;
				CLANG_WARN_SUSPICIOUS_MOVE = YES;
				CLANG_WARN_UNGUARDED_AVAILABILITY = YES_AGGRESSIVE;
				CLANG_WARN_UNREACHABLE_CODE = YES;
				CLANG_WARN__DUPLICATE_METHOD_MATCH = YES;
				COPY_PHASE_STRIP = NO;
				DEBUG_INFORMATION_FORMAT = dwarf;
				ENABLE_STRICT_OBJC_MSGSEND = YES;
				ENABLE_TESTABILITY = YES;
				GCC_C_LANGUAGE_STANDARD = gnu11;
				GCC_DYNAMIC_NO_PIC = NO;
				GCC_NO_COMMON_BLOCKS = YES;
				GCC_OPTIMIZATION_LEVEL = 0;
				GCC_PREPROCESSOR_DEFINITIONS = (
					"DEBUG=1",
					"$(inherited)",
				);
				GCC_WARN_64_TO_32_BIT_CONVERSION = YES;
				GCC_WARN_ABOUT_RETURN_TYPE = YES_ERROR;
				GCC_WARN_UNDECLARED_SELECTOR = YES;
				GCC_WARN_UNINITIALIZED_AUTOS = YES_AGGRESSIVE;
				GCC_WARN_UNUSED_FUNCTION = YES;
				GCC_WARN_UNUSED_VARIABLE = YES;
				IPHONEOS_DEPLOYMENT_TARGET = 13.2;
				MTL_ENABLE_DEBUG_INFO = INCLUDE_SOURCE;
				MTL_FAST_MATH = YES;
				ONLY_ACTIVE_ARCH = YES;
				SDKROOT = iphoneos;
			};
			name = Debug;
		};
		F23A003E24C82E1900316851 /* Release */ = {
			isa = XCBuildConfiguration;
			buildSettings = {
				ALWAYS_SEARCH_USER_PATHS = NO;
				CLANG_ANALYZER_NONNULL = YES;
				CLANG_ANALYZER_NUMBER_OBJECT_CONVERSION = YES_AGGRESSIVE;
				CLANG_CXX_LANGUAGE_STANDARD = "gnu++14";
				CLANG_CXX_LIBRARY = "libc++";
				CLANG_ENABLE_MODULES = YES;
				CLANG_ENABLE_OBJC_ARC = YES;
				CLANG_ENABLE_OBJC_WEAK = YES;
				CLANG_WARN_BLOCK_CAPTURE_AUTORELEASING = YES;
				CLANG_WARN_BOOL_CONVERSION = YES;
				CLANG_WARN_COMMA = YES;
				CLANG_WARN_CONSTANT_CONVERSION = YES;
				CLANG_WARN_DEPRECATED_OBJC_IMPLEMENTATIONS = YES;
				CLANG_WARN_DIRECT_OBJC_ISA_USAGE = YES_ERROR;
				CLANG_WARN_DOCUMENTATION_COMMENTS = YES;
				CLANG_WARN_EMPTY_BODY = YES;
				CLANG_WARN_ENUM_CONVERSION = YES;
				CLANG_WARN_INFINITE_RECURSION = YES;
				CLANG_WARN_INT_CONVERSION = YES;
				CLANG_WARN_NON_LITERAL_NULL_CONVERSION = YES;
				CLANG_WARN_OBJC_IMPLICIT_RETAIN_SELF = YES;
				CLANG_WARN_OBJC_LITERAL_CONVERSION = YES;
				CLANG_WARN_OBJC_ROOT_CLASS = YES_ERROR;
				CLANG_WARN_RANGE_LOOP_ANALYSIS = YES;
				CLANG_WARN_STRICT_PROTOTYPES = YES;
				CLANG_WARN_SUSPICIOUS_MOVE = YES;
				CLANG_WARN_UNGUARDED_AVAILABILITY = YES_AGGRESSIVE;
				CLANG_WARN_UNREACHABLE_CODE = YES;
				CLANG_WARN__DUPLICATE_METHOD_MATCH = YES;
				COPY_PHASE_STRIP = NO;
				DEBUG_INFORMATION_FORMAT = "dwarf-with-dsym";
				ENABLE_NS_ASSERTIONS = NO;
				ENABLE_STRICT_OBJC_MSGSEND = YES;
				GCC_C_LANGUAGE_STANDARD = gnu11;
				GCC_NO_COMMON_BLOCKS = YES;
				GCC_WARN_64_TO_32_BIT_CONVERSION = YES;
				GCC_WARN_ABOUT_RETURN_TYPE = YES_ERROR;
				GCC_WARN_UNDECLARED_SELECTOR = YES;
				GCC_WARN_UNINITIALIZED_AUTOS = YES_AGGRESSIVE;
				GCC_WARN_UNUSED_FUNCTION = YES;
				GCC_WARN_UNUSED_VARIABLE = YES;
				IPHONEOS_DEPLOYMENT_TARGET = 13.2;
				MTL_ENABLE_DEBUG_INFO = NO;
				MTL_FAST_MATH = YES;
				SDKROOT = iphoneos;
				VALIDATE_PRODUCT = YES;
			};
			name = Release;
		};
		F23A004024C82E1900316851 /* Debug */ = {
			isa = XCBuildConfiguration;
			buildSettings = {
				ASSETCATALOG_COMPILER_APPICON_NAME = AppIcon;
				CODE_SIGN_STYLE = Automatic;
				DEVELOPMENT_TEAM = S3NUGZD6JQ;
				INFOPLIST_FILE = "21_归档多个不同类型的对象_01/Info.plist";
				LD_RUNPATH_SEARCH_PATHS = (
					"$(inherited)",
					"@executable_path/Frameworks",
				);
				PRODUCT_BUNDLE_IDENTIFIER = "com.lilin.-1-------------01";
				PRODUCT_NAME = "$(TARGET_NAME)";
				TARGETED_DEVICE_FAMILY = "1,2";
			};
			name = Debug;
		};
		F23A004124C82E1900316851 /* Release */ = {
			isa = XCBuildConfiguration;
			buildSettings = {
				ASSETCATALOG_COMPILER_APPICON_NAME = AppIcon;
				CODE_SIGN_STYLE = Automatic;
				DEVELOPMENT_TEAM = S3NUGZD6JQ;
				INFOPLIST_FILE = "21_归档多个不同类型的对象_01/Info.plist";
				LD_RUNPATH_SEARCH_PATHS = (
					"$(inherited)",
					"@executable_path/Frameworks",
				);
				PRODUCT_BUNDLE_IDENTIFIER = "com.lilin.-1-------------01";
				PRODUCT_NAME = "$(TARGET_NAME)";
				TARGETED_DEVICE_FAMILY = "1,2";
			};
			name = Release;
		};
		F23A004324C82E1900316851 /* Debug */ = {
			isa = XCBuildConfiguration;
			buildSettings = {
				BUNDLE_LOADER = "$(TEST_HOST)";
				CODE_SIGN_STYLE = Automatic;
				DEVELOPMENT_TEAM = S3NUGZD6JQ;
				INFOPLIST_FILE = "21_归档多个不同类型的对象_01Tests/Info.plist";
				IPHONEOS_DEPLOYMENT_TARGET = 13.2;
				LD_RUNPATH_SEARCH_PATHS = (
					"$(inherited)",
					"@executable_path/Frameworks",
					"@loader_path/Frameworks",
				);
				PRODUCT_BUNDLE_IDENTIFIER = "com.lilin.-1-------------01Tests";
				PRODUCT_NAME = "$(TARGET_NAME)";
				TARGETED_DEVICE_FAMILY = "1,2";
				TEST_HOST = "$(BUILT_PRODUCTS_DIR)/21_归档多个不同类型的对象_01.app/21_归档多个不同类型的对象_01";
			};
			name = Debug;
		};
		F23A004424C82E1900316851 /* Release */ = {
			isa = XCBuildConfiguration;
			buildSettings = {
				BUNDLE_LOADER = "$(TEST_HOST)";
				CODE_SIGN_STYLE = Automatic;
				DEVELOPMENT_TEAM = S3NUGZD6JQ;
				INFOPLIST_FILE = "21_归档多个不同类型的对象_01Tests/Info.plist";
				IPHONEOS_DEPLOYMENT_TARGET = 13.2;
				LD_RUNPATH_SEARCH_PATHS = (
					"$(inherited)",
					"@executable_path/Frameworks",
					"@loader_path/Frameworks",
				);
				PRODUCT_BUNDLE_IDENTIFIER = "com.lilin.-1-------------01Tests";
				PRODUCT_NAME = "$(TARGET_NAME)";
				TARGETED_DEVICE_FAMILY = "1,2";
				TEST_HOST = "$(BUILT_PRODUCTS_DIR)/21_归档多个不同类型的对象_01.app/21_归档多个不同类型的对象_01";
			};
			name = Release;
		};
/* End XCBuildConfiguration section */

/* Begin XCConfigurationList section */
		F23A001624C82E1800316851 /* Build configuration list for PBXProject "21_归档多个不同类型的对象_01" */ = {
			isa = XCConfigurationList;
			buildConfigurations = (
				F23A003D24C82E1900316851 /* Debug */,
				F23A003E24C82E1900316851 /* Release */,
			);
			defaultConfigurationIsVisible = 0;
			defaultConfigurationName = Release;
		};
		F23A003F24C82E1900316851 /* Build configuration list for PBXNativeTarget "21_归档多个不同类型的对象_01" */ = {
			isa = XCConfigurationList;
			buildConfigurations = (
				F23A004024C82E1900316851 /* Debug */,
				F23A004124C82E1900316851 /* Release */,
			);
			defaultConfigurationIsVisible = 0;
			defaultConfigurationName = Release;
		};
		F23A004224C82E1900316851 /* Build configuration list for PBXNativeTarget "21_归档多个不同类型的对象_01Tests" */ = {
			isa = XCConfigurationList;
			buildConfigurations = (
				F23A004324C82E1900316851 /* Debug */,
				F23A004424C82E1900316851 /* Release */,
			);
			defaultConfigurationIsVisible = 0;
			defaultConfigurationName = Release;
		};
/* End XCConfigurationList section */
	};
	rootObject = F23A001324C82E1800316851 /* Project object */;
}
