// !$*UTF8*$!
{
	archiveVersion = 1;
	classes = {
	};
	objectVersion = 50;
	objects = {

/* Begin PBXBuildFile section */
		F228425624C30434008A6240 /* AppDelegate.m in Sources */ = {isa = PBXBuildFile; fileRef = F228425524C30434008A6240 /* AppDelegate.m */; };
		F228425924C30434008A6240 /* SceneDelegate.m in Sources */ = {isa = PBXBuildFile; fileRef = F228425824C30434008A6240 /* SceneDelegate.m */; };
		F228425C24C30434008A6240 /* ViewController.m in Sources */ = {isa = PBXBuildFile; fileRef = F228425B24C30434008A6240 /* ViewController.m */; };
		F228425F24C30434008A6240 /* Main.storyboard in Resources */ = {isa = PBXBuildFile; fileRef = F228425D24C30434008A6240 /* Main.storyboard */; };
		F228426124C30435008A6240 /* Assets.xcassets in Resources */ = {isa = PBXBuildFile; fileRef = F228426024C30435008A6240 /* Assets.xcassets */; };
		F228426424C30435008A6240 /* LaunchScreen.storyboard in Resources */ = {isa = PBXBuildFile; fileRef = F228426224C30435008A6240 /* LaunchScreen.storyboard */; };
		F228426724C30435008A6240 /* main.m in Sources */ = {isa = PBXBuildFile; fileRef = F228426624C30435008A6240 /* main.m */; };
		F228427124C30435008A6240 /* _8_______Reachability____02Tests.m in Sources */ = {isa = PBXBuildFile; fileRef = F228427024C30435008A6240 /* _8_______Reachability____02Tests.m */; };
		F228427D24C308FF008A6240 /* Reachability.m in Sources */ = {isa = PBXBuildFile; fileRef = F228427C24C308FE008A6240 /* Reachability.m */; };
/* End PBXBuildFile section */

/* Begin PBXContainerItemProxy section */
		F228426D24C30435008A6240 /* PBXContainerItemProxy */ = {
			isa = PBXContainerItemProxy;
			containerPortal = F228424924C30434008A6240 /* Project object */;
			proxyType = 1;
			remoteGlobalIDString = F228425024C30434008A6240;
			remoteInfo = "18_网络状态监听Reachability的使用_02";
		};
/* End PBXContainerItemProxy section */

/* Begin PBXFileReference section */
		F228425124C30434008A6240 /* 18_网络状态监听Reachability的使用_02.app */ = {isa = PBXFileReference; explicitFileType = wrapper.application; includeInIndex = 0; path = "18_网络状态监听Reachability的使用_02.app"; sourceTree = BUILT_PRODUCTS_DIR; };
		F228425424C30434008A6240 /* AppDelegate.h */ = {isa = PBXFileReference; lastKnownFileType = sourcecode.c.h; path = AppDelegate.h; sourceTree = "<group>"; };
		F228425524C30434008A6240 /* AppDelegate.m */ = {isa = PBXFileReference; lastKnownFileType = sourcecode.c.objc; path = AppDelegate.m; sourceTree = "<group>"; };
		F228425724C30434008A6240 /* SceneDelegate.h */ = {isa = PBXFileReference; lastKnownFileType = sourcecode.c.h; path = SceneDelegate.h; sourceTree = "<group>"; };
		F228425824C30434008A6240 /* SceneDelegate.m */ = {isa = PBXFileReference; lastKnownFileType = sourcecode.c.objc; path = SceneDelegate.m; sourceTree = "<group>"; };
		F228425A24C30434008A6240 /* ViewController.h */ = {isa = PBXFileReference; lastKnownFileType = sourcecode.c.h; path = ViewController.h; sourceTree = "<group>"; };
		F228425B24C30434008A6240 /* ViewController.m */ = {isa = PBXFileReference; lastKnownFileType = sourcecode.c.objc; path = ViewController.m; sourceTree = "<group>"; };
		F228425E24C30434008A6240 /* Base */ = {isa = PBXFileReference; lastKnownFileType = file.storyboard; name = Base; path = Base.lproj/Main.storyboard; sourceTree = "<group>"; };
		F228426024C30435008A6240 /* Assets.xcassets */ = {isa = PBXFileReference; lastKnownFileType = folder.assetcatalog; path = Assets.xcassets; sourceTree = "<group>"; };
		F228426324C30435008A6240 /* Base */ = {isa = PBXFileReference; lastKnownFileType = file.storyboard; name = Base; path = Base.lproj/LaunchScreen.storyboard; sourceTree = "<group>"; };
		F228426524C30435008A6240 /* Info.plist */ = {isa = PBXFileReference; lastKnownFileType = text.plist.xml; path = Info.plist; sourceTree = "<group>"; };
		F228426624C30435008A6240 /* main.m */ = {isa = PBXFileReference; lastKnownFileType = sourcecode.c.objc; path = main.m; sourceTree = "<group>"; };
		F228426C24C30435008A6240 /* 18_网络状态监听Reachability的使用_02Tests.xctest */ = {isa = PBXFileReference; explicitFileType = wrapper.cfbundle; includeInIndex = 0; path = "18_网络状态监听Reachability的使用_02Tests.xctest"; sourceTree = BUILT_PRODUCTS_DIR; };
		F228427024C30435008A6240 /* _8_______Reachability____02Tests.m */ = {isa = PBXFileReference; lastKnownFileType = sourcecode.c.objc; path = "_8_______Reachability____02Tests.m"; sourceTree = "<group>"; };
		F228427224C30435008A6240 /* Info.plist */ = {isa = PBXFileReference; lastKnownFileType = text.plist.xml; path = Info.plist; sourceTree = "<group>"; };
		F228427B24C308FE008A6240 /* Reachability.h */ = {isa = PBXFileReference; fileEncoding = 4; lastKnownFileType = sourcecode.c.h; path = Reachability.h; sourceTree = "<group>"; };
		F228427C24C308FE008A6240 /* Reachability.m */ = {isa = PBXFileReference; fileEncoding = 4; lastKnownFileType = sourcecode.c.objc; path = Reachability.m; sourceTree = "<group>"; };
/* End PBXFileReference section */

/* Begin PBXFrameworksBuildPhase section */
		F228424E24C30434008A6240 /* Frameworks */ = {
			isa = PBXFrameworksBuildPhase;
			buildActionMask = 2147483647;
			files = (
			);
			runOnlyForDeploymentPostprocessing = 0;
		};
		F228426924C30435008A6240 /* Frameworks */ = {
			isa = PBXFrameworksBuildPhase;
			buildActionMask = 2147483647;
			files = (
			);
			runOnlyForDeploymentPostprocessing = 0;
		};
/* End PBXFrameworksBuildPhase section */

/* Begin PBXGroup section */
		F228424824C30434008A6240 = {
			isa = PBXGroup;
			children = (
				F228425324C30434008A6240 /* 18_网络状态监听Reachability的使用_02 */,
				F228426F24C30435008A6240 /* 18_网络状态监听Reachability的使用_02Tests */,
				F228425224C30434008A6240 /* Products */,
			);
			sourceTree = "<group>";
		};
		F228425224C30434008A6240 /* Products */ = {
			isa = PBXGroup;
			children = (
				F228425124C30434008A6240 /* 18_网络状态监听Reachability的使用_02.app */,
				F228426C24C30435008A6240 /* 18_网络状态监听Reachability的使用_02Tests.xctest */,
			);
			name = Products;
			sourceTree = "<group>";
		};
		F228425324C30434008A6240 /* 18_网络状态监听Reachability的使用_02 */ = {
			isa = PBXGroup;
			children = (
				F228425424C30434008A6240 /* AppDelegate.h */,
				F228425524C30434008A6240 /* AppDelegate.m */,
				F228425724C30434008A6240 /* SceneDelegate.h */,
				F228425824C30434008A6240 /* SceneDelegate.m */,
				F228427B24C308FE008A6240 /* Reachability.h */,
				F228427C24C308FE008A6240 /* Reachability.m */,
				F228425A24C30434008A6240 /* ViewController.h */,
				F228425B24C30434008A6240 /* ViewController.m */,
				F228425D24C30434008A6240 /* Main.storyboard */,
				F228426024C30435008A6240 /* Assets.xcassets */,
				F228426224C30435008A6240 /* LaunchScreen.storyboard */,
				F228426524C30435008A6240 /* Info.plist */,
				F228426624C30435008A6240 /* main.m */,
			);
			path = "18_网络状态监听Reachability的使用_02";
			sourceTree = "<group>";
		};
		F228426F24C30435008A6240 /* 18_网络状态监听Reachability的使用_02Tests */ = {
			isa = PBXGroup;
			children = (
				F228427024C30435008A6240 /* _8_______Reachability____02Tests.m */,
				F228427224C30435008A6240 /* Info.plist */,
			);
			path = "18_网络状态监听Reachability的使用_02Tests";
			sourceTree = "<group>";
		};
/* End PBXGroup section */

/* Begin PBXNativeTarget section */
		F228425024C30434008A6240 /* 18_网络状态监听Reachability的使用_02 */ = {
			isa = PBXNativeTarget;
			buildConfigurationList = F228427524C30435008A6240 /* Build configuration list for PBXNativeTarget "18_网络状态监听Reachability的使用_02" */;
			buildPhases = (
				F228424D24C30434008A6240 /* Sources */,
				F228424E24C30434008A6240 /* Frameworks */,
				F228424F24C30434008A6240 /* Resources */,
			);
			buildRules = (
			);
			dependencies = (
			);
			name = "18_网络状态监听Reachability的使用_02";
			productName = "18_网络状态监听Reachability的使用_02";
			productReference = F228425124C30434008A6240 /* 18_网络状态监听Reachability的使用_02.app */;
			productType = "com.apple.product-type.application";
		};
		F228426B24C30435008A6240 /* 18_网络状态监听Reachability的使用_02Tests */ = {
			isa = PBXNativeTarget;
			buildConfigurationList = F228427824C30435008A6240 /* Build configuration list for PBXNativeTarget "18_网络状态监听Reachability的使用_02Tests" */;
			buildPhases = (
				F228426824C30435008A6240 /* Sources */,
				F228426924C30435008A6240 /* Frameworks */,
				F228426A24C30435008A6240 /* Resources */,
			);
			buildRules = (
			);
			dependencies = (
				F228426E24C30435008A6240 /* PBXTargetDependency */,
			);
			name = "18_网络状态监听Reachability的使用_02Tests";
			productName = "18_网络状态监听Reachability的使用_02Tests";
			productReference = F228426C24C30435008A6240 /* 18_网络状态监听Reachability的使用_02Tests.xctest */;
			productType = "com.apple.product-type.bundle.unit-test";
		};
/* End PBXNativeTarget section */

/* Begin PBXProject section */
		F228424924C30434008A6240 /* Project object */ = {
			isa = PBXProject;
			attributes = {
				LastUpgradeCheck = 1120;
				ORGANIZATIONNAME = lilin;
				TargetAttributes = {
					F228425024C30434008A6240 = {
						CreatedOnToolsVersion = 11.2.1;
					};
					F228426B24C30435008A6240 = {
						CreatedOnToolsVersion = 11.2.1;
						TestTargetID = F228425024C30434008A6240;
					};
				};
			};
			buildConfigurationList = F228424C24C30434008A6240 /* Build configuration list for PBXProject "18_网络状态监听Reachability的使用_02" */;
			compatibilityVersion = "Xcode 9.3";
			developmentRegion = en;
			hasScannedForEncodings = 0;
			knownRegions = (
				en,
				Base,
			);
			mainGroup = F228424824C30434008A6240;
			productRefGroup = F228425224C30434008A6240 /* Products */;
			projectDirPath = "";
			projectRoot = "";
			targets = (
				F228425024C30434008A6240 /* 18_网络状态监听Reachability的使用_02 */,
				F228426B24C30435008A6240 /* 18_网络状态监听Reachability的使用_02Tests */,
			);
		};
/* End PBXProject section */

/* Begin PBXResourcesBuildPhase section */
		F228424F24C30434008A6240 /* Resources */ = {
			isa = PBXResourcesBuildPhase;
			buildActionMask = 2147483647;
			files = (
				F228426424C30435008A6240 /* LaunchScreen.storyboard in Resources */,
				F228426124C30435008A6240 /* Assets.xcassets in Resources */,
				F228425F24C30434008A6240 /* Main.storyboard in Resources */,
			);
			runOnlyForDeploymentPostprocessing = 0;
		};
		F228426A24C30435008A6240 /* Resources */ = {
			isa = PBXResourcesBuildPhase;
			buildActionMask = 2147483647;
			files = (
			);
			runOnlyForDeploymentPostprocessing = 0;
		};
/* End PBXResourcesBuildPhase section */

/* Begin PBXSourcesBuildPhase section */
		F228424D24C30434008A6240 /* Sources */ = {
			isa = PBXSourcesBuildPhase;
			buildActionMask = 2147483647;
			files = (
				F228425C24C30434008A6240 /* ViewController.m in Sources */,
				F228425624C30434008A6240 /* AppDelegate.m in Sources */,
				F228426724C30435008A6240 /* main.m in Sources */,
				F228425924C30434008A6240 /* SceneDelegate.m in Sources */,
				F228427D24C308FF008A6240 /* Reachability.m in Sources */,
			);
			runOnlyForDeploymentPostprocessing = 0;
		};
		F228426824C30435008A6240 /* Sources */ = {
			isa = PBXSourcesBuildPhase;
			buildActionMask = 2147483647;
			files = (
				F228427124C30435008A6240 /* _8_______Reachability____02Tests.m in Sources */,
			);
			runOnlyForDeploymentPostprocessing = 0;
		};
/* End PBXSourcesBuildPhase section */

/* Begin PBXTargetDependency section */
		F228426E24C30435008A6240 /* PBXTargetDependency */ = {
			isa = PBXTargetDependency;
			target = F228425024C30434008A6240 /* 18_网络状态监听Reachability的使用_02 */;
			targetProxy = F228426D24C30435008A6240 /* PBXContainerItemProxy */;
		};
/* End PBXTargetDependency section */

/* Begin PBXVariantGroup section */
		F228425D24C30434008A6240 /* Main.storyboard */ = {
			isa = PBXVariantGroup;
			children = (
				F228425E24C30434008A6240 /* Base */,
			);
			name = Main.storyboard;
			sourceTree = "<group>";
		};
		F228426224C30435008A6240 /* LaunchScreen.storyboard */ = {
			isa = PBXVariantGroup;
			children = (
				F228426324C30435008A6240 /* Base */,
			);
			name = LaunchScreen.storyboard;
			sourceTree = "<group>";
		};
/* End PBXVariantGroup section */

/* Begin XCBuildConfiguration section */
		F228427324C30435008A6240 /* Debug */ = {
			isa = XCBuildConfiguration;
			buildSettings = {
				ALWAYS_SEARCH_USER_PATHS = NO;
				CLANG_ANALYZER_NONNULL = YES;
				CLANG_ANALYZER_NUMBER_OBJECT_CONVERSION = YES_AGGRESSIVE;
				CLANG_CXX_LANGUAGE_STANDARD = "gnu++14";
				CLANG_CXX_LIBRARY = "libc++";
				CLANG_ENABLE_MODULES = YES;
				CLANG_ENABLE_OBJC_ARC = YES;
				CLANG_ENABLE_OBJC_WEAK = YES;
				CLANG_WARN_BLOCK_CAPTURE_AUTORELEASING = YES;
				CLANG_WARN_BOOL_CONVERSION = YES;
				CLANG_WARN_COMMA = YES;
				CLANG_WARN_CONSTANT_CONVERSION = YES;
				CLANG_WARN_DEPRECATED_OBJC_IMPLEMENTATIONS = YES;
				CLANG_WARN_DIRECT_OBJC_ISA_USAGE = YES_ERROR;
				CLANG_WARN_DOCUMENTATION_COMMENTS = YES;
				CLANG_WARN_EMPTY_BODY = YES;
				CLANG_WARN_ENUM_CONVERSION = YES;
				CLANG_WARN_INFINITE_RECURSION = YES;
				CLANG_WARN_INT_CONVERSION = YES;
				CLANG_WARN_NON_LITERAL_NULL_CONVERSION = YES;
				CLANG_WARN_OBJC_IMPLICIT_RETAIN_SELF = YES;
				CLANG_WARN_OBJC_LITERAL_CONVERSION = YES;
				CLANG_WARN_OBJC_ROOT_CLASS = YES_ERROR;
				CLANG_WARN_RANGE_LOOP_ANALYSIS = YES;
				CLANG_WARN_STRICT_PROTOTYPES = YES;
				CLANG_WARN_SUSPICIOUS_MOVE = YES;
				CLANG_WARN_UNGUARDED_AVAILABILITY = YES_AGGRESSIVE;
				CLANG_WARN_UNREACHABLE_CODE = YES;
				CLANG_WARN__DUPLICATE_METHOD_MATCH = YES;
				COPY_PHASE_STRIP = NO;
				DEBUG_INFORMATION_FORMAT = dwarf;
				ENABLE_STRICT_OBJC_MSGSEND = YES;
				ENABLE_TESTABILITY = YES;
				GCC_C_LANGUAGE_STANDARD = gnu11;
				GCC_DYNAMIC_NO_PIC = NO;
				GCC_NO_COMMON_BLOCKS = YES;
				GCC_OPTIMIZATION_LEVEL = 0;
				GCC_PREPROCESSOR_DEFINITIONS = (
					"DEBUG=1",
					"$(inherited)",
				);
				GCC_WARN_64_TO_32_BIT_CONVERSION = YES;
				GCC_WARN_ABOUT_RETURN_TYPE = YES_ERROR;
				GCC_WARN_UNDECLARED_SELECTOR = YES;
				GCC_WARN_UNINITIALIZED_AUTOS = YES_AGGRESSIVE;
				GCC_WARN_UNUSED_FUNCTION = YES;
				GCC_WARN_UNUSED_VARIABLE = YES;
				IPHONEOS_DEPLOYMENT_TARGET = 13.2;
				MTL_ENABLE_DEBUG_INFO = INCLUDE_SOURCE;
				MTL_FAST_MATH = YES;
				ONLY_ACTIVE_ARCH = YES;
				SDKROOT = iphoneos;
			};
			name = Debug;
		};
		F228427424C30435008A6240 /* Release */ = {
			isa = XCBuildConfiguration;
			buildSettings = {
				ALWAYS_SEARCH_USER_PATHS = NO;
				CLANG_ANALYZER_NONNULL = YES;
				CLANG_ANALYZER_NUMBER_OBJECT_CONVERSION = YES_AGGRESSIVE;
				CLANG_CXX_LANGUAGE_STANDARD = "gnu++14";
				CLANG_CXX_LIBRARY = "libc++";
				CLANG_ENABLE_MODULES = YES;
				CLANG_ENABLE_OBJC_ARC = YES;
				CLANG_ENABLE_OBJC_WEAK = YES;
				CLANG_WARN_BLOCK_CAPTURE_AUTORELEASING = YES;
				CLANG_WARN_BOOL_CONVERSION = YES;
				CLANG_WARN_COMMA = YES;
				CLANG_WARN_CONSTANT_CONVERSION = YES;
				CLANG_WARN_DEPRECATED_OBJC_IMPLEMENTATIONS = YES;
				CLANG_WARN_DIRECT_OBJC_ISA_USAGE = YES_ERROR;
				CLANG_WARN_DOCUMENTATION_COMMENTS = YES;
				CLANG_WARN_EMPTY_BODY = YES;
				CLANG_WARN_ENUM_CONVERSION = YES;
				CLANG_WARN_INFINITE_RECURSION = YES;
				CLANG_WARN_INT_CONVERSION = YES;
				CLANG_WARN_NON_LITERAL_NULL_CONVERSION = YES;
				CLANG_WARN_OBJC_IMPLICIT_RETAIN_SELF = YES;
				CLANG_WARN_OBJC_LITERAL_CONVERSION = YES;
				CLANG_WARN_OBJC_ROOT_CLASS = YES_ERROR;
				CLANG_WARN_RANGE_LOOP_ANALYSIS = YES;
				CLANG_WARN_STRICT_PROTOTYPES = YES;
				CLANG_WARN_SUSPICIOUS_MOVE = YES;
				CLANG_WARN_UNGUARDED_AVAILABILITY = YES_AGGRESSIVE;
				CLANG_WARN_UNREACHABLE_CODE = YES;
				CLANG_WARN__DUPLICATE_METHOD_MATCH = YES;
				COPY_PHASE_STRIP = NO;
				DEBUG_INFORMATION_FORMAT = "dwarf-with-dsym";
				ENABLE_NS_ASSERTIONS = NO;
				ENABLE_STRICT_OBJC_MSGSEND = YES;
				GCC_C_LANGUAGE_STANDARD = gnu11;
				GCC_NO_COMMON_BLOCKS = YES;
				GCC_WARN_64_TO_32_BIT_CONVERSION = YES;
				GCC_WARN_ABOUT_RETURN_TYPE = YES_ERROR;
				GCC_WARN_UNDECLARED_SELECTOR = YES;
				GCC_WARN_UNINITIALIZED_AUTOS = YES_AGGRESSIVE;
				GCC_WARN_UNUSED_FUNCTION = YES;
				GCC_WARN_UNUSED_VARIABLE = YES;
				IPHONEOS_DEPLOYMENT_TARGET = 13.2;
				MTL_ENABLE_DEBUG_INFO = NO;
				MTL_FAST_MATH = YES;
				SDKROOT = iphoneos;
				VALIDATE_PRODUCT = YES;
			};
			name = Release;
		};
		F228427624C30435008A6240 /* Debug */ = {
			isa = XCBuildConfiguration;
			buildSettings = {
				ASSETCATALOG_COMPILER_APPICON_NAME = AppIcon;
				CODE_SIGN_STYLE = Automatic;
				DEVELOPMENT_TEAM = S3NUGZD6JQ;
				INFOPLIST_FILE = "18_网络状态监听Reachability的使用_02/Info.plist";
				LD_RUNPATH_SEARCH_PATHS = (
					"$(inherited)",
					"@executable_path/Frameworks",
				);
				PRODUCT_BUNDLE_IDENTIFIER = "com.lilin.-8-------Reachability----02";
				PRODUCT_NAME = "$(TARGET_NAME)";
				TARGETED_DEVICE_FAMILY = "1,2";
			};
			name = Debug;
		};
		F228427724C30435008A6240 /* Release */ = {
			isa = XCBuildConfiguration;
			buildSettings = {
				ASSETCATALOG_COMPILER_APPICON_NAME = AppIcon;
				CODE_SIGN_STYLE = Automatic;
				DEVELOPMENT_TEAM = S3NUGZD6JQ;
				INFOPLIST_FILE = "18_网络状态监听Reachability的使用_02/Info.plist";
				LD_RUNPATH_SEARCH_PATHS = (
					"$(inherited)",
					"@executable_path/Frameworks",
				);
				PRODUCT_BUNDLE_IDENTIFIER = "com.lilin.-8-------Reachability----02";
				PRODUCT_NAME = "$(TARGET_NAME)";
				TARGETED_DEVICE_FAMILY = "1,2";
			};
			name = Release;
		};
		F228427924C30435008A6240 /* Debug */ = {
			isa = XCBuildConfiguration;
			buildSettings = {
				BUNDLE_LOADER = "$(TEST_HOST)";
				CODE_SIGN_STYLE = Automatic;
				DEVELOPMENT_TEAM = S3NUGZD6JQ;
				INFOPLIST_FILE = "18_网络状态监听Reachability的使用_02Tests/Info.plist";
				IPHONEOS_DEPLOYMENT_TARGET = 13.2;
				LD_RUNPATH_SEARCH_PATHS = (
					"$(inherited)",
					"@executable_path/Frameworks",
					"@loader_path/Frameworks",
				);
				PRODUCT_BUNDLE_IDENTIFIER = "com.lilin.-8-------Reachability----02Tests";
				PRODUCT_NAME = "$(TARGET_NAME)";
				TARGETED_DEVICE_FAMILY = "1,2";
				TEST_HOST = "$(BUILT_PRODUCTS_DIR)/18_网络状态监听Reachability的使用_02.app/18_网络状态监听Reachability的使用_02";
			};
			name = Debug;
		};
		F228427A24C30435008A6240 /* Release */ = {
			isa = XCBuildConfiguration;
			buildSettings = {
				BUNDLE_LOADER = "$(TEST_HOST)";
				CODE_SIGN_STYLE = Automatic;
				DEVELOPMENT_TEAM = S3NUGZD6JQ;
				INFOPLIST_FILE = "18_网络状态监听Reachability的使用_02Tests/Info.plist";
				IPHONEOS_DEPLOYMENT_TARGET = 13.2;
				LD_RUNPATH_SEARCH_PATHS = (
					"$(inherited)",
					"@executable_path/Frameworks",
					"@loader_path/Frameworks",
				);
				PRODUCT_BUNDLE_IDENTIFIER = "com.lilin.-8-------Reachability----02Tests";
				PRODUCT_NAME = "$(TARGET_NAME)";
				TARGETED_DEVICE_FAMILY = "1,2";
				TEST_HOST = "$(BUILT_PRODUCTS_DIR)/18_网络状态监听Reachability的使用_02.app/18_网络状态监听Reachability的使用_02";
			};
			name = Release;
		};
/* End XCBuildConfiguration section */

/* Begin XCConfigurationList section */
		F228424C24C30434008A6240 /* Build configuration list for PBXProject "18_网络状态监听Reachability的使用_02" */ = {
			isa = XCConfigurationList;
			buildConfigurations = (
				F228427324C30435008A6240 /* Debug */,
				F228427424C30435008A6240 /* Release */,
			);
			defaultConfigurationIsVisible = 0;
			defaultConfigurationName = Release;
		};
		F228427524C30435008A6240 /* Build configuration list for PBXNativeTarget "18_网络状态监听Reachability的使用_02" */ = {
			isa = XCConfigurationList;
			buildConfigurations = (
				F228427624C30435008A6240 /* Debug */,
				F228427724C30435008A6240 /* Release */,
			);
			defaultConfigurationIsVisible = 0;
			defaultConfigurationName = Release;
		};
		F228427824C30435008A6240 /* Build configuration list for PBXNativeTarget "18_网络状态监听Reachability的使用_02Tests" */ = {
			isa = XCConfigurationList;
			buildConfigurations = (
				F228427924C30435008A6240 /* Debug */,
				F228427A24C30435008A6240 /* Release */,
			);
			defaultConfigurationIsVisible = 0;
			defaultConfigurationName = Release;
		};
/* End XCConfigurationList section */
	};
	rootObject = F228424924C30434008A6240 /* Project object */;
}
